// !$*UTF8*$!
{
	archiveVersion = 1;
	classes = {
	};
	objectVersion = 46;
	objects = {

/* Begin PBXBuildFile section */
		B70C33431805A3270045183F /* Images.m in Sources */ = {isa = PBXBuildFile; fileRef = B70C33401805A3270045183F /* Images.m */; };
		B70C33441805A3270045183F /* Restaurant.m in Sources */ = {isa = PBXBuildFile; fileRef = B70C33421805A3270045183F /* Restaurant.m */; };
		B70C33491805B2A70045183F /* _Restaurant.m in Sources */ = {isa = PBXBuildFile; fileRef = B70C33471805B2A70045183F /* _Restaurant.m */; };
		B70C334A1805B2A70045183F /* _Images.m in Sources */ = {isa = PBXBuildFile; fileRef = B70C33481805B2A70045183F /* _Images.m */; };
		B70C335C1806F5F70045183F /* Default.png in Resources */ = {isa = PBXBuildFile; fileRef = B70C335B1806F5F70045183F /* Default.png */; };
		B70C335F180745A90045183F /* RestaurantLabelView.m in Sources */ = {isa = PBXBuildFile; fileRef = B70C335E180745A90045183F /* RestaurantLabelView.m */; };
		B74AC373183E737A00A89616 /* CartButton.xib in Resources */ = {isa = PBXBuildFile; fileRef = B74AC372183E737A00A89616 /* CartButton.xib */; };
		B74AC377183E751C00A89616 /* CartButton.m in Sources */ = {isa = PBXBuildFile; fileRef = B74AC376183E751C00A89616 /* CartButton.m */; };
		B74AC37B183EAD4600A89616 /* CheckoutViewController.m in Sources */ = {isa = PBXBuildFile; fileRef = B74AC37A183EAD4600A89616 /* CheckoutViewController.m */; };
		B77A8D05183FDFCB00AFBAEE /* SignInViewController.m in Sources */ = {isa = PBXBuildFile; fileRef = B77A8D04183FDFCB00AFBAEE /* SignInViewController.m */; };
		B77A8D09183FFD3A00AFBAEE /* ButtonCartRow.m in Sources */ = {isa = PBXBuildFile; fileRef = B77A8D08183FFD3A00AFBAEE /* ButtonCartRow.m */; };
		B77A8D0D1843AAF900AFBAEE /* FREESCPT.TTF in Resources */ = {isa = PBXBuildFile; fileRef = B77A8D0C1843AAF900AFBAEE /* FREESCPT.TTF */; };
		B78FB11118200CE40063E6C4 /* StorefrontLabel.m in Sources */ = {isa = PBXBuildFile; fileRef = B78FB11018200CE40063E6C4 /* StorefrontLabel.m */; };
		B78FB11418200ED10063E6C4 /* StorefrontScrollView.m in Sources */ = {isa = PBXBuildFile; fileRef = B78FB11318200ED10063E6C4 /* StorefrontScrollView.m */; };
		B78FB11A182010E80063E6C4 /* StorefrontImageView.m in Sources */ = {isa = PBXBuildFile; fileRef = B78FB119182010E80063E6C4 /* StorefrontImageView.m */; };
		B79E8F6A1847DF2D00BF4F3F /* facebook@2x.png in Resources */ = {isa = PBXBuildFile; fileRef = B79E8F691847DF2D00BF4F3F /* facebook@2x.png */; };
		B79E8F6C1847E0D600BF4F3F /* foodcloud_icon@2x.png in Resources */ = {isa = PBXBuildFile; fileRef = B79E8F6B1847E0D600BF4F3F /* foodcloud_icon@2x.png */; };
		B7B7441C182BFAA2001DFC49 /* SectionTableViewController.m in Sources */ = {isa = PBXBuildFile; fileRef = B7B7441B182BFAA2001DFC49 /* SectionTableViewController.m */; };
		B7B74420182C0D13001DFC49 /* DishTableViewCell.m in Sources */ = {isa = PBXBuildFile; fileRef = B7B7441F182C0D13001DFC49 /* DishTableViewCell.m */; };
		B7B74422182C0D26001DFC49 /* DishTableViewCell.xib in Resources */ = {isa = PBXBuildFile; fileRef = B7B74421182C0D26001DFC49 /* DishTableViewCell.xib */; };
		B7B74426182C1981001DFC49 /* DishScrollView.m in Sources */ = {isa = PBXBuildFile; fileRef = B7B74425182C1981001DFC49 /* DishScrollView.m */; };
		B7B74428182C1AFC001DFC49 /* DishView.xib in Resources */ = {isa = PBXBuildFile; fileRef = B7B74427182C1AFC001DFC49 /* DishView.xib */; };
		B7B7442B182C1B0B001DFC49 /* DishView.m in Sources */ = {isa = PBXBuildFile; fileRef = B7B7442A182C1B0B001DFC49 /* DishView.m */; };
		B7B7443118328437001DFC49 /* TableHeaderViewGradient.m in Sources */ = {isa = PBXBuildFile; fileRef = B7B7443018328437001DFC49 /* TableHeaderViewGradient.m */; };
		B7B744411832AF5C001DFC49 /* gear-32x32.png in Resources */ = {isa = PBXBuildFile; fileRef = B7B744401832AF5C001DFC49 /* gear-32x32.png */; };
		B7B744511833EFE5001DFC49 /* ShoppingCartTableView.m in Sources */ = {isa = PBXBuildFile; fileRef = B7B744501833EFE5001DFC49 /* ShoppingCartTableView.m */; };
		B7B7445418341CBF001DFC49 /* CheckoutView.m in Sources */ = {isa = PBXBuildFile; fileRef = B7B7445318341CBF001DFC49 /* CheckoutView.m */; };
		B7B7445618341CCE001DFC49 /* CheckoutView.xib in Resources */ = {isa = PBXBuildFile; fileRef = B7B7445518341CCE001DFC49 /* CheckoutView.xib */; };
		B7B7445D183532EE001DFC49 /* OptionsView.m in Sources */ = {isa = PBXBuildFile; fileRef = B7B7445C183532EE001DFC49 /* OptionsView.m */; };
		B7CC197018047D92003C71B9 /* Foundation.framework in Frameworks */ = {isa = PBXBuildFile; fileRef = B7CC196F18047D92003C71B9 /* Foundation.framework */; };
		B7CC197218047D92003C71B9 /* CoreGraphics.framework in Frameworks */ = {isa = PBXBuildFile; fileRef = B7CC197118047D92003C71B9 /* CoreGraphics.framework */; };
		B7CC197418047D92003C71B9 /* UIKit.framework in Frameworks */ = {isa = PBXBuildFile; fileRef = B7CC197318047D92003C71B9 /* UIKit.framework */; };
		B7CC197618047D92003C71B9 /* CoreData.framework in Frameworks */ = {isa = PBXBuildFile; fileRef = B7CC197518047D92003C71B9 /* CoreData.framework */; };
		B7CC197C18047D92003C71B9 /* InfoPlist.strings in Resources */ = {isa = PBXBuildFile; fileRef = B7CC197A18047D92003C71B9 /* InfoPlist.strings */; };
		B7CC197E18047D92003C71B9 /* main.m in Sources */ = {isa = PBXBuildFile; fileRef = B7CC197D18047D92003C71B9 /* main.m */; };
		B7CC198218047D92003C71B9 /* RAppDelegate.m in Sources */ = {isa = PBXBuildFile; fileRef = B7CC198118047D92003C71B9 /* RAppDelegate.m */; };
		B7CC198518047D92003C71B9 /* Main.storyboard in Resources */ = {isa = PBXBuildFile; fileRef = B7CC198318047D92003C71B9 /* Main.storyboard */; };
		B7CC198818047D92003C71B9 /* Restaurants.xcdatamodeld in Sources */ = {isa = PBXBuildFile; fileRef = B7CC198618047D92003C71B9 /* Restaurants.xcdatamodeld */; };
		B7CC199018047D92003C71B9 /* Images.xcassets in Resources */ = {isa = PBXBuildFile; fileRef = B7CC198F18047D92003C71B9 /* Images.xcassets */; };
		B7CC199718047D92003C71B9 /* XCTest.framework in Frameworks */ = {isa = PBXBuildFile; fileRef = B7CC199618047D92003C71B9 /* XCTest.framework */; };
		B7CC199818047D92003C71B9 /* Foundation.framework in Frameworks */ = {isa = PBXBuildFile; fileRef = B7CC196F18047D92003C71B9 /* Foundation.framework */; };
		B7CC199918047D92003C71B9 /* UIKit.framework in Frameworks */ = {isa = PBXBuildFile; fileRef = B7CC197318047D92003C71B9 /* UIKit.framework */; };
		B7CC199A18047D92003C71B9 /* CoreData.framework in Frameworks */ = {isa = PBXBuildFile; fileRef = B7CC197518047D92003C71B9 /* CoreData.framework */; };
		B7CC19A218047D92003C71B9 /* InfoPlist.strings in Resources */ = {isa = PBXBuildFile; fileRef = B7CC19A018047D92003C71B9 /* InfoPlist.strings */; };
		B7CC19A418047D92003C71B9 /* RestaurantsTests.m in Sources */ = {isa = PBXBuildFile; fileRef = B7CC19A318047D92003C71B9 /* RestaurantsTests.m */; };
		B7CC19B518047E3D003C71B9 /* RestaurantCells.m in Sources */ = {isa = PBXBuildFile; fileRef = B7CC19B418047E3D003C71B9 /* RestaurantCells.m */; };
		B7CC19B818047FE9003C71B9 /* RestaurantViewController.m in Sources */ = {isa = PBXBuildFile; fileRef = B7CC19B718047FE9003C71B9 /* RestaurantViewController.m */; };
		B7CF7B801852C709000D326F /* locked@2x.png in Resources */ = {isa = PBXBuildFile; fileRef = B7CF7B7F1852C709000D326F /* locked@2x.png */; };
		B7CF7B821852E522000D326F /* info@2x.png in Resources */ = {isa = PBXBuildFile; fileRef = B7CF7B811852E522000D326F /* info@2x.png */; };
		B7DA9D831843B1870072AD47 /* freestylebold.ttf in Resources */ = {isa = PBXBuildFile; fileRef = B7DA9D821843B1870072AD47 /* freestylebold.ttf */; };
		B7DA9D8E1843DF2F0072AD47 /* cart@2x.png in Resources */ = {isa = PBXBuildFile; fileRef = B7DA9D8D1843DF2F0072AD47 /* cart@2x.png */; };
		B7DA9D901843DFAF0072AD47 /* control@2x.png in Resources */ = {isa = PBXBuildFile; fileRef = B7DA9D8F1843DFAF0072AD47 /* control@2x.png */; };
		B7DA9D961843E3CC0072AD47 /* arrow@2x.png in Resources */ = {isa = PBXBuildFile; fileRef = B7DA9D951843E3CC0072AD47 /* arrow@2x.png */; };
		B7DA9D99184545220072AD47 /* UserSession.m in Sources */ = {isa = PBXBuildFile; fileRef = B7DA9D98184545220072AD47 /* UserSession.m */; };
		B7DA9D9F184670EC0072AD47 /* icon@2x.png in Resources */ = {isa = PBXBuildFile; fileRef = B7DA9D9E184670EC0072AD47 /* icon@2x.png */; };
		B7DA9DA31846A62E0072AD47 /* SignUpViewController.m in Sources */ = {isa = PBXBuildFile; fileRef = B7DA9DA21846A62E0072AD47 /* SignUpViewController.m */; };
		B7DA9DA61847B34E0072AD47 /* User.m in Sources */ = {isa = PBXBuildFile; fileRef = B7DA9DA51847B34E0072AD47 /* User.m */; };
		B7E12848183BB2980079B5E9 /* DishTableViewController.m in Sources */ = {isa = PBXBuildFile; fileRef = B7E12847183BB2980079B5E9 /* DishTableViewController.m */; };
		B7E1284D183BDAB10079B5E9 /* SectionDishViewCell.m in Sources */ = {isa = PBXBuildFile; fileRef = B7E1284C183BDAB10079B5E9 /* SectionDishViewCell.m */; };
		B7E1284F183BDADD0079B5E9 /* SectionDishViewCell.xib in Resources */ = {isa = PBXBuildFile; fileRef = B7E1284E183BDADD0079B5E9 /* SectionDishViewCell.xib */; };
		B7E12851183BE2E70079B5E9 /* DishCellViewLowerHalf.xib in Resources */ = {isa = PBXBuildFile; fileRef = B7E12850183BE2E70079B5E9 /* DishCellViewLowerHalf.xib */; };
		B7E12854183BE3020079B5E9 /* DishCellViewLowerHalf.m in Sources */ = {isa = PBXBuildFile; fileRef = B7E12853183BE3020079B5E9 /* DishCellViewLowerHalf.m */; };
		B7E20F1A18202EE200791BEB /* StorefrontGradientView.m in Sources */ = {isa = PBXBuildFile; fileRef = B7E20F1918202EE200791BEB /* StorefrontGradientView.m */; };
		B7E20F1D18203C1E00791BEB /* StorefrontTableViewController.m in Sources */ = {isa = PBXBuildFile; fileRef = B7E20F1C18203C1E00791BEB /* StorefrontTableViewController.m */; };
		B7E20F1F18203FB900791BEB /* Header.xib in Resources */ = {isa = PBXBuildFile; fileRef = B7E20F1E18203FB900791BEB /* Header.xib */; };
		B7E20F2118203FEC00791BEB /* Footer.xib in Resources */ = {isa = PBXBuildFile; fileRef = B7E20F2018203FEC00791BEB /* Footer.xib */; };
		B7E20F25182042F800791BEB /* Header.m in Sources */ = {isa = PBXBuildFile; fileRef = B7E20F24182042F800791BEB /* Header.m */; };
		B7E20F281820459500791BEB /* Footer.m in Sources */ = {isa = PBXBuildFile; fileRef = B7E20F271820459500791BEB /* Footer.m */; };
		B7E20F2A182054F300791BEB /* SystemConfiguration.framework in Frameworks */ = {isa = PBXBuildFile; fileRef = B7E20F29182054F300791BEB /* SystemConfiguration.framework */; };
		B7E20F3F1820560100791BEB /* _Sections.m in Sources */ = {isa = PBXBuildFile; fileRef = B7E20F2E1820560100791BEB /* _Sections.m */; };
		B7E20F401820560100791BEB /* Dishes.m in Sources */ = {isa = PBXBuildFile; fileRef = B7E20F301820560100791BEB /* Dishes.m */; };
		B7E20F421820560100791BEB /* Sections.m in Sources */ = {isa = PBXBuildFile; fileRef = B7E20F341820560100791BEB /* Sections.m */; };
		B7E20F431820560100791BEB /* _Dishes.m in Sources */ = {isa = PBXBuildFile; fileRef = B7E20F351820560100791BEB /* _Dishes.m */; };
		B7E20F441820560100791BEB /* _Menu.m in Sources */ = {isa = PBXBuildFile; fileRef = B7E20F361820560100791BEB /* _Menu.m */; };
		B7E20F451820560100791BEB /* _Option.m in Sources */ = {isa = PBXBuildFile; fileRef = B7E20F381820560100791BEB /* _Option.m */; };
		B7E20F461820560100791BEB /* _Options.m in Sources */ = {isa = PBXBuildFile; fileRef = B7E20F3A1820560100791BEB /* _Options.m */; };
		B7E20F471820560100791BEB /* Option.m in Sources */ = {isa = PBXBuildFile; fileRef = B7E20F3C1820560100791BEB /* Option.m */; };
		B7E20F481820560100791BEB /* Options.m in Sources */ = {isa = PBXBuildFile; fileRef = B7E20F3E1820560100791BEB /* Options.m */; };
		B7E20F4D182182ED00791BEB /* _Subsections.m in Sources */ = {isa = PBXBuildFile; fileRef = B7E20F4A182182ED00791BEB /* _Subsections.m */; };
		B7E20F4E182182ED00791BEB /* Subsections.m in Sources */ = {isa = PBXBuildFile; fileRef = B7E20F4C182182ED00791BEB /* Subsections.m */; };
		B7E20F501822F91600791BEB /* DishViewCell.xib in Resources */ = {isa = PBXBuildFile; fileRef = B7E20F4F1822F91600791BEB /* DishViewCell.xib */; };
		B7E20F56182302CB00791BEB /* DishViewCell.m in Sources */ = {isa = PBXBuildFile; fileRef = B7E20F55182302CB00791BEB /* DishViewCell.m */; };
		B7E20F581824046600791BEB /* TableHeaderView.xib in Resources */ = {isa = PBXBuildFile; fileRef = B7E20F571824046600791BEB /* TableHeaderView.xib */; };
		B7E20F5B1824053600791BEB /* TableHeaderView.m in Sources */ = {isa = PBXBuildFile; fileRef = B7E20F5A1824053600791BEB /* TableHeaderView.m */; };
		B7E43058181EC22A002B6867 /* ImagesInScroll.m in Sources */ = {isa = PBXBuildFile; fileRef = B7E43057181EC22A002B6867 /* ImagesInScroll.m */; };
		B7E4305C181ED388002B6867 /* RootViewController.m in Sources */ = {isa = PBXBuildFile; fileRef = B7E4305B181ED388002B6867 /* RootViewController.m */; };
		B7E43066181EE625002B6867 /* MenuTableViewController.m in Sources */ = {isa = PBXBuildFile; fileRef = B7E43065181EE625002B6867 /* MenuTableViewController.m */; };
		B7E43068181EF7A6002B6867 /* logo.png in Resources */ = {isa = PBXBuildFile; fileRef = B7E43067181EF7A6002B6867 /* logo.png */; };
		B7E4B83F18087980006896D8 /* MapKit.framework in Frameworks */ = {isa = PBXBuildFile; fileRef = B7E4B83E18087980006896D8 /* MapKit.framework */; };
		B7E6C296183BF909005E8598 /* CartRowCell.xib in Resources */ = {isa = PBXBuildFile; fileRef = B7E6C295183BF909005E8598 /* CartRowCell.xib */; };
		B7E6C299183BF927005E8598 /* CartRowCell.m in Sources */ = {isa = PBXBuildFile; fileRef = B7E6C298183BF927005E8598 /* CartRowCell.m */; };
		B7E6C29D183C0F38005E8598 /* DishFooterView.m in Sources */ = {isa = PBXBuildFile; fileRef = B7E6C29C183C0F38005E8598 /* DishFooterView.m */; };
		B7E6C29F183C0F56005E8598 /* DishFooterView.xib in Resources */ = {isa = PBXBuildFile; fileRef = B7E6C29E183C0F56005E8598 /* DishFooterView.xib */; };
		B7EE7B5F1849292A003EE5B8 /* background_signup@2x.jpg in Resources */ = {isa = PBXBuildFile; fileRef = B7EE7B5E1849292A003EE5B8 /* background_signup@2x.jpg */; };
		B7EE7B63184938A1003EE5B8 /* avatar@2x.png in Resources */ = {isa = PBXBuildFile; fileRef = B7EE7B62184938A1003EE5B8 /* avatar@2x.png */; };
		B7EE7B6518493DB6003EE5B8 /* back@2x.png in Resources */ = {isa = PBXBuildFile; fileRef = B7EE7B6418493DB6003EE5B8 /* back@2x.png */; };
		B7EE7B69184CE412003EE5B8 /* UIColor+Custom.m in Sources */ = {isa = PBXBuildFile; fileRef = B7EE7B68184CE412003EE5B8 /* UIColor+Custom.m */; };
		B7EE7B6F184D09F6003EE5B8 /* left_arrow@2x.png in Resources */ = {isa = PBXBuildFile; fileRef = B7EE7B6E184D09F6003EE5B8 /* left_arrow@2x.png */; };
		B7EE7B71184D0A2E003EE5B8 /* right_arrow@2x.png in Resources */ = {isa = PBXBuildFile; fileRef = B7EE7B70184D0A2E003EE5B8 /* right_arrow@2x.png */; };
		B7EE7B73184D3135003EE5B8 /* receipt_font.ttf in Resources */ = {isa = PBXBuildFile; fileRef = B7EE7B72184D3135003EE5B8 /* receipt_font.ttf */; };
		B7EE7B75184D349F003EE5B8 /* 6809CHAR.TTF in Resources */ = {isa = PBXBuildFile; fileRef = B7EE7B74184D349F003EE5B8 /* 6809CHAR.TTF */; };
		B7EE7B78184D3ED7003EE5B8 /* avatar_black@2x.png in Resources */ = {isa = PBXBuildFile; fileRef = B7EE7B76184D3ED7003EE5B8 /* avatar_black@2x.png */; };
		B7EE7B79184D3ED7003EE5B8 /* avatar_white@2x.png in Resources */ = {isa = PBXBuildFile; fileRef = B7EE7B77184D3ED7003EE5B8 /* avatar_white@2x.png */; };
		B7EE7B7D184E4570003EE5B8 /* UINavigationItem+iOS7Spacing.m in Sources */ = {isa = PBXBuildFile; fileRef = B7EE7B7C184E4570003EE5B8 /* UINavigationItem+iOS7Spacing.m */; };
		B7EE7B81184E5676003EE5B8 /* CustomIOS7AlertView.m in Sources */ = {isa = PBXBuildFile; fileRef = B7EE7B80184E5676003EE5B8 /* CustomIOS7AlertView.m */; };
		B7EE7B84184E74DF003EE5B8 /* avatar_logged_black@2x.png in Resources */ = {isa = PBXBuildFile; fileRef = B7EE7B82184E74DF003EE5B8 /* avatar_logged_black@2x.png */; };
		B7EE7B85184E74DF003EE5B8 /* avatar_logged_white@2x.png in Resources */ = {isa = PBXBuildFile; fileRef = B7EE7B83184E74DF003EE5B8 /* avatar_logged_white@2x.png */; };
		B7EE7B87184FB821003EE5B8 /* logo@2x.png in Resources */ = {isa = PBXBuildFile; fileRef = B7EE7B86184FB821003EE5B8 /* logo@2x.png */; };
		B7EE7B8A184FBF12003EE5B8 /* favorites@2x.png in Resources */ = {isa = PBXBuildFile; fileRef = B7EE7B88184FBF12003EE5B8 /* favorites@2x.png */; };
		B7EE7B8B184FBF12003EE5B8 /* settings@2x.png in Resources */ = {isa = PBXBuildFile; fileRef = B7EE7B89184FBF12003EE5B8 /* settings@2x.png */; };
		B7EE7B8D184FC39E003EE5B8 /* logo_black@2x.png in Resources */ = {isa = PBXBuildFile; fileRef = B7EE7B8C184FC39E003EE5B8 /* logo_black@2x.png */; };
		B7EE7B91184FD6AB003EE5B8 /* ProfileViewController.m in Sources */ = {isa = PBXBuildFile; fileRef = B7EE7B90184FD6AB003EE5B8 /* ProfileViewController.m */; };
		B7EE7B93184FDEF0003EE5B8 /* CoreLocation.framework in Frameworks */ = {isa = PBXBuildFile; fileRef = B7EE7B92184FDEF0003EE5B8 /* CoreLocation.framework */; };
		B7EE7B9D1851020E003EE5B8 /* Lockbox.m in Sources */ = {isa = PBXBuildFile; fileRef = B7EE7B9C1851020E003EE5B8 /* Lockbox.m */; };
		B7EE7B9F18510690003EE5B8 /* logout@2x.png in Resources */ = {isa = PBXBuildFile; fileRef = B7EE7B9E18510690003EE5B8 /* logout@2x.png */; };
		B7FB3F92181B1A9700AD6036 /* RestoScrollView.m in Sources */ = {isa = PBXBuildFile; fileRef = B7FB3F91181B1A9700AD6036 /* RestoScrollView.m */; };
		D6D63E0995B84A2A89637C60 /* libPods.a in Frameworks */ = {isa = PBXBuildFile; fileRef = 18C89D06B07D4F4B8B054A7B /* libPods.a */; };
/* End PBXBuildFile section */

/* Begin PBXContainerItemProxy section */
		B7CC199B18047D92003C71B9 /* PBXContainerItemProxy */ = {
			isa = PBXContainerItemProxy;
			containerPortal = B7CC196418047D92003C71B9 /* Project object */;
			proxyType = 1;
			remoteGlobalIDString = B7CC196B18047D92003C71B9;
			remoteInfo = Restaurants;
		};
/* End PBXContainerItemProxy section */

/* Begin PBXFileReference section */
		18C89D06B07D4F4B8B054A7B /* libPods.a */ = {isa = PBXFileReference; explicitFileType = archive.ar; includeInIndex = 0; path = libPods.a; sourceTree = BUILT_PRODUCTS_DIR; };
		21643D1EDB914A93936A017C /* Pods.xcconfig */ = {isa = PBXFileReference; includeInIndex = 1; lastKnownFileType = text.xcconfig; name = Pods.xcconfig; path = Pods/Pods.xcconfig; sourceTree = "<group>"; };
		B70C333F1805A3270045183F /* Images.h */ = {isa = PBXFileReference; fileEncoding = 4; lastKnownFileType = sourcecode.c.h; path = Images.h; sourceTree = "<group>"; };
		B70C33401805A3270045183F /* Images.m */ = {isa = PBXFileReference; fileEncoding = 4; lastKnownFileType = sourcecode.c.objc; path = Images.m; sourceTree = "<group>"; };
		B70C33411805A3270045183F /* Restaurant.h */ = {isa = PBXFileReference; fileEncoding = 4; lastKnownFileType = sourcecode.c.h; path = Restaurant.h; sourceTree = "<group>"; };
		B70C33421805A3270045183F /* Restaurant.m */ = {isa = PBXFileReference; fileEncoding = 4; lastKnownFileType = sourcecode.c.objc; path = Restaurant.m; sourceTree = "<group>"; };
		B70C33451805B2A70045183F /* _Images.h */ = {isa = PBXFileReference; fileEncoding = 4; lastKnownFileType = sourcecode.c.h; path = _Images.h; sourceTree = "<group>"; };
		B70C33461805B2A70045183F /* _Restaurant.h */ = {isa = PBXFileReference; fileEncoding = 4; lastKnownFileType = sourcecode.c.h; path = _Restaurant.h; sourceTree = "<group>"; };
		B70C33471805B2A70045183F /* _Restaurant.m */ = {isa = PBXFileReference; fileEncoding = 4; lastKnownFileType = sourcecode.c.objc; path = _Restaurant.m; sourceTree = "<group>"; };
		B70C33481805B2A70045183F /* _Images.m */ = {isa = PBXFileReference; fileEncoding = 4; lastKnownFileType = sourcecode.c.objc; path = _Images.m; sourceTree = "<group>"; };
		B70C335B1806F5F70045183F /* Default.png */ = {isa = PBXFileReference; lastKnownFileType = image.png; path = Default.png; sourceTree = "<group>"; };
		B70C335D180745A90045183F /* RestaurantLabelView.h */ = {isa = PBXFileReference; fileEncoding = 4; lastKnownFileType = sourcecode.c.h; path = RestaurantLabelView.h; sourceTree = "<group>"; };
		B70C335E180745A90045183F /* RestaurantLabelView.m */ = {isa = PBXFileReference; fileEncoding = 4; lastKnownFileType = sourcecode.c.objc; path = RestaurantLabelView.m; sourceTree = "<group>"; };
		B74AC372183E737A00A89616 /* CartButton.xib */ = {isa = PBXFileReference; fileEncoding = 4; lastKnownFileType = file.xib; path = CartButton.xib; sourceTree = "<group>"; };
		B74AC375183E751C00A89616 /* CartButton.h */ = {isa = PBXFileReference; fileEncoding = 4; lastKnownFileType = sourcecode.c.h; path = CartButton.h; sourceTree = "<group>"; };
		B74AC376183E751C00A89616 /* CartButton.m */ = {isa = PBXFileReference; fileEncoding = 4; lastKnownFileType = sourcecode.c.objc; path = CartButton.m; sourceTree = "<group>"; };
		B74AC379183EAD4600A89616 /* CheckoutViewController.h */ = {isa = PBXFileReference; fileEncoding = 4; lastKnownFileType = sourcecode.c.h; path = CheckoutViewController.h; sourceTree = "<group>"; };
		B74AC37A183EAD4600A89616 /* CheckoutViewController.m */ = {isa = PBXFileReference; fileEncoding = 4; lastKnownFileType = sourcecode.c.objc; path = CheckoutViewController.m; sourceTree = "<group>"; };
		B77A8D03183FDFCB00AFBAEE /* SignInViewController.h */ = {isa = PBXFileReference; fileEncoding = 4; lastKnownFileType = sourcecode.c.h; path = SignInViewController.h; sourceTree = "<group>"; };
		B77A8D04183FDFCB00AFBAEE /* SignInViewController.m */ = {isa = PBXFileReference; fileEncoding = 4; lastKnownFileType = sourcecode.c.objc; path = SignInViewController.m; sourceTree = "<group>"; };
		B77A8D07183FFD3A00AFBAEE /* ButtonCartRow.h */ = {isa = PBXFileReference; fileEncoding = 4; lastKnownFileType = sourcecode.c.h; path = ButtonCartRow.h; sourceTree = "<group>"; };
		B77A8D08183FFD3A00AFBAEE /* ButtonCartRow.m */ = {isa = PBXFileReference; fileEncoding = 4; lastKnownFileType = sourcecode.c.objc; path = ButtonCartRow.m; sourceTree = "<group>"; };
		B77A8D0C1843AAF900AFBAEE /* FREESCPT.TTF */ = {isa = PBXFileReference; lastKnownFileType = file; path = FREESCPT.TTF; sourceTree = "<group>"; };
		B78FB10F18200CE40063E6C4 /* StorefrontLabel.h */ = {isa = PBXFileReference; fileEncoding = 4; lastKnownFileType = sourcecode.c.h; path = StorefrontLabel.h; sourceTree = "<group>"; };
		B78FB11018200CE40063E6C4 /* StorefrontLabel.m */ = {isa = PBXFileReference; fileEncoding = 4; lastKnownFileType = sourcecode.c.objc; path = StorefrontLabel.m; sourceTree = "<group>"; };
		B78FB11218200ED10063E6C4 /* StorefrontScrollView.h */ = {isa = PBXFileReference; fileEncoding = 4; lastKnownFileType = sourcecode.c.h; path = StorefrontScrollView.h; sourceTree = "<group>"; };
		B78FB11318200ED10063E6C4 /* StorefrontScrollView.m */ = {isa = PBXFileReference; fileEncoding = 4; lastKnownFileType = sourcecode.c.objc; path = StorefrontScrollView.m; sourceTree = "<group>"; };
		B78FB118182010E80063E6C4 /* StorefrontImageView.h */ = {isa = PBXFileReference; fileEncoding = 4; lastKnownFileType = sourcecode.c.h; path = StorefrontImageView.h; sourceTree = "<group>"; };
		B78FB119182010E80063E6C4 /* StorefrontImageView.m */ = {isa = PBXFileReference; fileEncoding = 4; lastKnownFileType = sourcecode.c.objc; path = StorefrontImageView.m; sourceTree = "<group>"; };
		B79E8F691847DF2D00BF4F3F /* facebook@2x.png */ = {isa = PBXFileReference; lastKnownFileType = image.png; path = "facebook@2x.png"; sourceTree = "<group>"; };
		B79E8F6B1847E0D600BF4F3F /* foodcloud_icon@2x.png */ = {isa = PBXFileReference; lastKnownFileType = image.png; path = "foodcloud_icon@2x.png"; sourceTree = "<group>"; };
		B7B7441A182BFAA2001DFC49 /* SectionTableViewController.h */ = {isa = PBXFileReference; fileEncoding = 4; lastKnownFileType = sourcecode.c.h; path = SectionTableViewController.h; sourceTree = "<group>"; };
		B7B7441B182BFAA2001DFC49 /* SectionTableViewController.m */ = {isa = PBXFileReference; fileEncoding = 4; lastKnownFileType = sourcecode.c.objc; path = SectionTableViewController.m; sourceTree = "<group>"; };
		B7B7441E182C0D13001DFC49 /* DishTableViewCell.h */ = {isa = PBXFileReference; fileEncoding = 4; lastKnownFileType = sourcecode.c.h; path = DishTableViewCell.h; sourceTree = "<group>"; };
		B7B7441F182C0D13001DFC49 /* DishTableViewCell.m */ = {isa = PBXFileReference; fileEncoding = 4; lastKnownFileType = sourcecode.c.objc; path = DishTableViewCell.m; sourceTree = "<group>"; };
		B7B74421182C0D26001DFC49 /* DishTableViewCell.xib */ = {isa = PBXFileReference; fileEncoding = 4; lastKnownFileType = file.xib; path = DishTableViewCell.xib; sourceTree = "<group>"; };
		B7B74424182C1981001DFC49 /* DishScrollView.h */ = {isa = PBXFileReference; fileEncoding = 4; lastKnownFileType = sourcecode.c.h; path = DishScrollView.h; sourceTree = "<group>"; };
		B7B74425182C1981001DFC49 /* DishScrollView.m */ = {isa = PBXFileReference; fileEncoding = 4; lastKnownFileType = sourcecode.c.objc; path = DishScrollView.m; sourceTree = "<group>"; };
		B7B74427182C1AFC001DFC49 /* DishView.xib */ = {isa = PBXFileReference; fileEncoding = 4; lastKnownFileType = file.xib; path = DishView.xib; sourceTree = "<group>"; };
		B7B74429182C1B0B001DFC49 /* DishView.h */ = {isa = PBXFileReference; fileEncoding = 4; lastKnownFileType = sourcecode.c.h; path = DishView.h; sourceTree = "<group>"; };
		B7B7442A182C1B0B001DFC49 /* DishView.m */ = {isa = PBXFileReference; fileEncoding = 4; lastKnownFileType = sourcecode.c.objc; path = DishView.m; sourceTree = "<group>"; };
		B7B7442F18328437001DFC49 /* TableHeaderViewGradient.h */ = {isa = PBXFileReference; fileEncoding = 4; lastKnownFileType = sourcecode.c.h; path = TableHeaderViewGradient.h; sourceTree = "<group>"; };
		B7B7443018328437001DFC49 /* TableHeaderViewGradient.m */ = {isa = PBXFileReference; fileEncoding = 4; lastKnownFileType = sourcecode.c.objc; path = TableHeaderViewGradient.m; sourceTree = "<group>"; };
		B7B744401832AF5C001DFC49 /* gear-32x32.png */ = {isa = PBXFileReference; lastKnownFileType = image.png; path = "gear-32x32.png"; sourceTree = "<group>"; };
		B7B7444F1833EFE5001DFC49 /* ShoppingCartTableView.h */ = {isa = PBXFileReference; fileEncoding = 4; lastKnownFileType = sourcecode.c.h; path = ShoppingCartTableView.h; sourceTree = "<group>"; };
		B7B744501833EFE5001DFC49 /* ShoppingCartTableView.m */ = {isa = PBXFileReference; fileEncoding = 4; lastKnownFileType = sourcecode.c.objc; path = ShoppingCartTableView.m; sourceTree = "<group>"; };
		B7B7445218341CBF001DFC49 /* CheckoutView.h */ = {isa = PBXFileReference; fileEncoding = 4; lastKnownFileType = sourcecode.c.h; path = CheckoutView.h; sourceTree = "<group>"; };
		B7B7445318341CBF001DFC49 /* CheckoutView.m */ = {isa = PBXFileReference; fileEncoding = 4; lastKnownFileType = sourcecode.c.objc; path = CheckoutView.m; sourceTree = "<group>"; };
		B7B7445518341CCE001DFC49 /* CheckoutView.xib */ = {isa = PBXFileReference; fileEncoding = 4; lastKnownFileType = file.xib; path = CheckoutView.xib; sourceTree = "<group>"; };
		B7B7445B183532EE001DFC49 /* OptionsView.h */ = {isa = PBXFileReference; fileEncoding = 4; lastKnownFileType = sourcecode.c.h; path = OptionsView.h; sourceTree = "<group>"; };
		B7B7445C183532EE001DFC49 /* OptionsView.m */ = {isa = PBXFileReference; fileEncoding = 4; lastKnownFileType = sourcecode.c.objc; path = OptionsView.m; sourceTree = "<group>"; };
		B7CC196C18047D92003C71B9 /* Restaurants.app */ = {isa = PBXFileReference; explicitFileType = wrapper.application; includeInIndex = 0; path = Restaurants.app; sourceTree = BUILT_PRODUCTS_DIR; };
		B7CC196F18047D92003C71B9 /* Foundation.framework */ = {isa = PBXFileReference; lastKnownFileType = wrapper.framework; name = Foundation.framework; path = System/Library/Frameworks/Foundation.framework; sourceTree = SDKROOT; };
		B7CC197118047D92003C71B9 /* CoreGraphics.framework */ = {isa = PBXFileReference; lastKnownFileType = wrapper.framework; name = CoreGraphics.framework; path = System/Library/Frameworks/CoreGraphics.framework; sourceTree = SDKROOT; };
		B7CC197318047D92003C71B9 /* UIKit.framework */ = {isa = PBXFileReference; lastKnownFileType = wrapper.framework; name = UIKit.framework; path = System/Library/Frameworks/UIKit.framework; sourceTree = SDKROOT; };
		B7CC197518047D92003C71B9 /* CoreData.framework */ = {isa = PBXFileReference; lastKnownFileType = wrapper.framework; name = CoreData.framework; path = System/Library/Frameworks/CoreData.framework; sourceTree = SDKROOT; };
		B7CC197918047D92003C71B9 /* Restaurants-Info.plist */ = {isa = PBXFileReference; lastKnownFileType = text.plist.xml; path = "Restaurants-Info.plist"; sourceTree = "<group>"; };
		B7CC197B18047D92003C71B9 /* en */ = {isa = PBXFileReference; lastKnownFileType = text.plist.strings; name = en; path = en.lproj/InfoPlist.strings; sourceTree = "<group>"; };
		B7CC197D18047D92003C71B9 /* main.m */ = {isa = PBXFileReference; lastKnownFileType = sourcecode.c.objc; path = main.m; sourceTree = "<group>"; };
		B7CC197F18047D92003C71B9 /* Restaurants-Prefix.pch */ = {isa = PBXFileReference; lastKnownFileType = sourcecode.c.h; path = "Restaurants-Prefix.pch"; sourceTree = "<group>"; };
		B7CC198018047D92003C71B9 /* RAppDelegate.h */ = {isa = PBXFileReference; lastKnownFileType = sourcecode.c.h; path = RAppDelegate.h; sourceTree = "<group>"; };
		B7CC198118047D92003C71B9 /* RAppDelegate.m */ = {isa = PBXFileReference; lastKnownFileType = sourcecode.c.objc; path = RAppDelegate.m; sourceTree = "<group>"; };
		B7CC198418047D92003C71B9 /* Base */ = {isa = PBXFileReference; lastKnownFileType = file.storyboard; name = Base; path = Base.lproj/Main.storyboard; sourceTree = "<group>"; };
		B7CC198718047D92003C71B9 /* Restaurants.xcdatamodel */ = {isa = PBXFileReference; lastKnownFileType = wrapper.xcdatamodel; path = Restaurants.xcdatamodel; sourceTree = "<group>"; };
		B7CC198F18047D92003C71B9 /* Images.xcassets */ = {isa = PBXFileReference; lastKnownFileType = folder.assetcatalog; path = Images.xcassets; sourceTree = "<group>"; };
		B7CC199518047D92003C71B9 /* RestaurantsTests.xctest */ = {isa = PBXFileReference; explicitFileType = wrapper.cfbundle; includeInIndex = 0; path = RestaurantsTests.xctest; sourceTree = BUILT_PRODUCTS_DIR; };
		B7CC199618047D92003C71B9 /* XCTest.framework */ = {isa = PBXFileReference; lastKnownFileType = wrapper.framework; name = XCTest.framework; path = Library/Frameworks/XCTest.framework; sourceTree = DEVELOPER_DIR; };
		B7CC199F18047D92003C71B9 /* RestaurantsTests-Info.plist */ = {isa = PBXFileReference; lastKnownFileType = text.plist.xml; path = "RestaurantsTests-Info.plist"; sourceTree = "<group>"; };
		B7CC19A118047D92003C71B9 /* en */ = {isa = PBXFileReference; lastKnownFileType = text.plist.strings; name = en; path = en.lproj/InfoPlist.strings; sourceTree = "<group>"; };
		B7CC19A318047D92003C71B9 /* RestaurantsTests.m */ = {isa = PBXFileReference; lastKnownFileType = sourcecode.c.objc; path = RestaurantsTests.m; sourceTree = "<group>"; };
		B7CC19B318047E3D003C71B9 /* RestaurantCells.h */ = {isa = PBXFileReference; fileEncoding = 4; lastKnownFileType = sourcecode.c.h; path = RestaurantCells.h; sourceTree = "<group>"; };
		B7CC19B418047E3D003C71B9 /* RestaurantCells.m */ = {isa = PBXFileReference; fileEncoding = 4; lastKnownFileType = sourcecode.c.objc; path = RestaurantCells.m; sourceTree = "<group>"; };
		B7CC19B618047FE9003C71B9 /* RestaurantViewController.h */ = {isa = PBXFileReference; fileEncoding = 4; lastKnownFileType = sourcecode.c.h; path = RestaurantViewController.h; sourceTree = "<group>"; };
		B7CC19B718047FE9003C71B9 /* RestaurantViewController.m */ = {isa = PBXFileReference; fileEncoding = 4; lastKnownFileType = sourcecode.c.objc; path = RestaurantViewController.m; sourceTree = "<group>"; };
		B7CF7B7F1852C709000D326F /* locked@2x.png */ = {isa = PBXFileReference; lastKnownFileType = image.png; path = "locked@2x.png"; sourceTree = SOURCE_ROOT; };
		B7CF7B811852E522000D326F /* info@2x.png */ = {isa = PBXFileReference; lastKnownFileType = image.png; path = "info@2x.png"; sourceTree = SOURCE_ROOT; };
		B7DA9D821843B1870072AD47 /* freestylebold.ttf */ = {isa = PBXFileReference; lastKnownFileType = file; path = freestylebold.ttf; sourceTree = "<group>"; };
		B7DA9D8D1843DF2F0072AD47 /* cart@2x.png */ = {isa = PBXFileReference; lastKnownFileType = image.png; path = "cart@2x.png"; sourceTree = "<group>"; };
		B7DA9D8F1843DFAF0072AD47 /* control@2x.png */ = {isa = PBXFileReference; lastKnownFileType = image.png; path = "control@2x.png"; sourceTree = "<group>"; };
		B7DA9D951843E3CC0072AD47 /* arrow@2x.png */ = {isa = PBXFileReference; lastKnownFileType = image.png; path = "arrow@2x.png"; sourceTree = "<group>"; };
		B7DA9D97184545220072AD47 /* UserSession.h */ = {isa = PBXFileReference; fileEncoding = 4; lastKnownFileType = sourcecode.c.h; path = UserSession.h; sourceTree = "<group>"; };
		B7DA9D98184545220072AD47 /* UserSession.m */ = {isa = PBXFileReference; fileEncoding = 4; lastKnownFileType = sourcecode.c.objc; path = UserSession.m; sourceTree = "<group>"; };
		B7DA9D9E184670EC0072AD47 /* icon@2x.png */ = {isa = PBXFileReference; lastKnownFileType = image.png; path = "icon@2x.png"; sourceTree = "<group>"; };
		B7DA9DA11846A62E0072AD47 /* SignUpViewController.h */ = {isa = PBXFileReference; fileEncoding = 4; lastKnownFileType = sourcecode.c.h; path = SignUpViewController.h; sourceTree = "<group>"; };
		B7DA9DA21846A62E0072AD47 /* SignUpViewController.m */ = {isa = PBXFileReference; fileEncoding = 4; lastKnownFileType = sourcecode.c.objc; path = SignUpViewController.m; sourceTree = "<group>"; };
		B7DA9DA41847B34E0072AD47 /* User.h */ = {isa = PBXFileReference; fileEncoding = 4; lastKnownFileType = sourcecode.c.h; path = User.h; sourceTree = "<group>"; };
		B7DA9DA51847B34E0072AD47 /* User.m */ = {isa = PBXFileReference; fileEncoding = 4; lastKnownFileType = sourcecode.c.objc; path = User.m; sourceTree = "<group>"; };
		B7E12846183BB2980079B5E9 /* DishTableViewController.h */ = {isa = PBXFileReference; fileEncoding = 4; lastKnownFileType = sourcecode.c.h; path = DishTableViewController.h; sourceTree = "<group>"; };
		B7E12847183BB2980079B5E9 /* DishTableViewController.m */ = {isa = PBXFileReference; fileEncoding = 4; lastKnownFileType = sourcecode.c.objc; path = DishTableViewController.m; sourceTree = "<group>"; };
		B7E1284B183BDAB10079B5E9 /* SectionDishViewCell.h */ = {isa = PBXFileReference; fileEncoding = 4; lastKnownFileType = sourcecode.c.h; path = SectionDishViewCell.h; sourceTree = "<group>"; };
		B7E1284C183BDAB10079B5E9 /* SectionDishViewCell.m */ = {isa = PBXFileReference; fileEncoding = 4; lastKnownFileType = sourcecode.c.objc; path = SectionDishViewCell.m; sourceTree = "<group>"; };
		B7E1284E183BDADD0079B5E9 /* SectionDishViewCell.xib */ = {isa = PBXFileReference; fileEncoding = 4; lastKnownFileType = file.xib; path = SectionDishViewCell.xib; sourceTree = "<group>"; };
		B7E12850183BE2E70079B5E9 /* DishCellViewLowerHalf.xib */ = {isa = PBXFileReference; fileEncoding = 4; lastKnownFileType = file.xib; path = DishCellViewLowerHalf.xib; sourceTree = "<group>"; };
		B7E12852183BE3020079B5E9 /* DishCellViewLowerHalf.h */ = {isa = PBXFileReference; fileEncoding = 4; lastKnownFileType = sourcecode.c.h; path = DishCellViewLowerHalf.h; sourceTree = "<group>"; };
		B7E12853183BE3020079B5E9 /* DishCellViewLowerHalf.m */ = {isa = PBXFileReference; fileEncoding = 4; lastKnownFileType = sourcecode.c.objc; path = DishCellViewLowerHalf.m; sourceTree = "<group>"; };
		B7E20F1818202EE200791BEB /* StorefrontGradientView.h */ = {isa = PBXFileReference; fileEncoding = 4; lastKnownFileType = sourcecode.c.h; path = StorefrontGradientView.h; sourceTree = "<group>"; };
		B7E20F1918202EE200791BEB /* StorefrontGradientView.m */ = {isa = PBXFileReference; fileEncoding = 4; lastKnownFileType = sourcecode.c.objc; path = StorefrontGradientView.m; sourceTree = "<group>"; };
		B7E20F1B18203C1E00791BEB /* StorefrontTableViewController.h */ = {isa = PBXFileReference; fileEncoding = 4; lastKnownFileType = sourcecode.c.h; path = StorefrontTableViewController.h; sourceTree = "<group>"; };
		B7E20F1C18203C1E00791BEB /* StorefrontTableViewController.m */ = {isa = PBXFileReference; fileEncoding = 4; lastKnownFileType = sourcecode.c.objc; path = StorefrontTableViewController.m; sourceTree = "<group>"; };
		B7E20F1E18203FB900791BEB /* Header.xib */ = {isa = PBXFileReference; fileEncoding = 4; lastKnownFileType = file.xib; path = Header.xib; sourceTree = "<group>"; };
		B7E20F2018203FEC00791BEB /* Footer.xib */ = {isa = PBXFileReference; fileEncoding = 4; lastKnownFileType = file.xib; path = Footer.xib; sourceTree = "<group>"; };
		B7E20F23182042F800791BEB /* Header.h */ = {isa = PBXFileReference; fileEncoding = 4; lastKnownFileType = sourcecode.c.h; path = Header.h; sourceTree = "<group>"; };
		B7E20F24182042F800791BEB /* Header.m */ = {isa = PBXFileReference; fileEncoding = 4; lastKnownFileType = sourcecode.c.objc; path = Header.m; sourceTree = "<group>"; };
		B7E20F261820459500791BEB /* Footer.h */ = {isa = PBXFileReference; fileEncoding = 4; lastKnownFileType = sourcecode.c.h; path = Footer.h; sourceTree = "<group>"; };
		B7E20F271820459500791BEB /* Footer.m */ = {isa = PBXFileReference; fileEncoding = 4; lastKnownFileType = sourcecode.c.objc; path = Footer.m; sourceTree = "<group>"; };
		B7E20F29182054F300791BEB /* SystemConfiguration.framework */ = {isa = PBXFileReference; lastKnownFileType = wrapper.framework; name = SystemConfiguration.framework; path = System/Library/Frameworks/SystemConfiguration.framework; sourceTree = SDKROOT; };
		B7E20F2B1820560100791BEB /* _Dishes.h */ = {isa = PBXFileReference; fileEncoding = 4; lastKnownFileType = sourcecode.c.h; path = _Dishes.h; sourceTree = "<group>"; };
		B7E20F2C1820560100791BEB /* _Menu.h */ = {isa = PBXFileReference; fileEncoding = 4; lastKnownFileType = sourcecode.c.h; path = _Menu.h; sourceTree = "<group>"; };
		B7E20F2D1820560100791BEB /* _Sections.h */ = {isa = PBXFileReference; fileEncoding = 4; lastKnownFileType = sourcecode.c.h; path = _Sections.h; sourceTree = "<group>"; };
		B7E20F2E1820560100791BEB /* _Sections.m */ = {isa = PBXFileReference; fileEncoding = 4; lastKnownFileType = sourcecode.c.objc; path = _Sections.m; sourceTree = "<group>"; };
		B7E20F2F1820560100791BEB /* Dishes.h */ = {isa = PBXFileReference; fileEncoding = 4; lastKnownFileType = sourcecode.c.h; path = Dishes.h; sourceTree = "<group>"; };
		B7E20F301820560100791BEB /* Dishes.m */ = {isa = PBXFileReference; fileEncoding = 4; lastKnownFileType = sourcecode.c.objc; path = Dishes.m; sourceTree = "<group>"; };
		B7E20F331820560100791BEB /* Sections.h */ = {isa = PBXFileReference; fileEncoding = 4; lastKnownFileType = sourcecode.c.h; path = Sections.h; sourceTree = "<group>"; };
		B7E20F341820560100791BEB /* Sections.m */ = {isa = PBXFileReference; fileEncoding = 4; lastKnownFileType = sourcecode.c.objc; path = Sections.m; sourceTree = "<group>"; };
		B7E20F351820560100791BEB /* _Dishes.m */ = {isa = PBXFileReference; fileEncoding = 4; lastKnownFileType = sourcecode.c.objc; path = _Dishes.m; sourceTree = "<group>"; };
		B7E20F361820560100791BEB /* _Menu.m */ = {isa = PBXFileReference; fileEncoding = 4; lastKnownFileType = sourcecode.c.objc; path = _Menu.m; sourceTree = "<group>"; };
		B7E20F371820560100791BEB /* _Option.h */ = {isa = PBXFileReference; fileEncoding = 4; lastKnownFileType = sourcecode.c.h; path = _Option.h; sourceTree = "<group>"; };
		B7E20F381820560100791BEB /* _Option.m */ = {isa = PBXFileReference; fileEncoding = 4; lastKnownFileType = sourcecode.c.objc; path = _Option.m; sourceTree = "<group>"; };
		B7E20F391820560100791BEB /* _Options.h */ = {isa = PBXFileReference; fileEncoding = 4; lastKnownFileType = sourcecode.c.h; path = _Options.h; sourceTree = "<group>"; };
		B7E20F3A1820560100791BEB /* _Options.m */ = {isa = PBXFileReference; fileEncoding = 4; lastKnownFileType = sourcecode.c.objc; path = _Options.m; sourceTree = "<group>"; };
		B7E20F3B1820560100791BEB /* Option.h */ = {isa = PBXFileReference; fileEncoding = 4; lastKnownFileType = sourcecode.c.h; path = Option.h; sourceTree = "<group>"; };
		B7E20F3C1820560100791BEB /* Option.m */ = {isa = PBXFileReference; fileEncoding = 4; lastKnownFileType = sourcecode.c.objc; path = Option.m; sourceTree = "<group>"; };
		B7E20F3D1820560100791BEB /* Options.h */ = {isa = PBXFileReference; fileEncoding = 4; lastKnownFileType = sourcecode.c.h; path = Options.h; sourceTree = "<group>"; };
		B7E20F3E1820560100791BEB /* Options.m */ = {isa = PBXFileReference; fileEncoding = 4; lastKnownFileType = sourcecode.c.objc; path = Options.m; sourceTree = "<group>"; };
		B7E20F49182182ED00791BEB /* _Subsections.h */ = {isa = PBXFileReference; fileEncoding = 4; lastKnownFileType = sourcecode.c.h; path = _Subsections.h; sourceTree = "<group>"; };
		B7E20F4A182182ED00791BEB /* _Subsections.m */ = {isa = PBXFileReference; fileEncoding = 4; lastKnownFileType = sourcecode.c.objc; path = _Subsections.m; sourceTree = "<group>"; };
		B7E20F4B182182ED00791BEB /* Subsections.h */ = {isa = PBXFileReference; fileEncoding = 4; lastKnownFileType = sourcecode.c.h; path = Subsections.h; sourceTree = "<group>"; };
		B7E20F4C182182ED00791BEB /* Subsections.m */ = {isa = PBXFileReference; fileEncoding = 4; lastKnownFileType = sourcecode.c.objc; path = Subsections.m; sourceTree = "<group>"; };
		B7E20F4F1822F91600791BEB /* DishViewCell.xib */ = {isa = PBXFileReference; fileEncoding = 4; lastKnownFileType = file.xib; path = DishViewCell.xib; sourceTree = "<group>"; };
		B7E20F54182302CB00791BEB /* DishViewCell.h */ = {isa = PBXFileReference; fileEncoding = 4; lastKnownFileType = sourcecode.c.h; path = DishViewCell.h; sourceTree = "<group>"; };
		B7E20F55182302CB00791BEB /* DishViewCell.m */ = {isa = PBXFileReference; fileEncoding = 4; lastKnownFileType = sourcecode.c.objc; path = DishViewCell.m; sourceTree = "<group>"; };
		B7E20F571824046600791BEB /* TableHeaderView.xib */ = {isa = PBXFileReference; fileEncoding = 4; lastKnownFileType = file.xib; path = TableHeaderView.xib; sourceTree = "<group>"; };
		B7E20F591824053600791BEB /* TableHeaderView.h */ = {isa = PBXFileReference; fileEncoding = 4; lastKnownFileType = sourcecode.c.h; path = TableHeaderView.h; sourceTree = "<group>"; };
		B7E20F5A1824053600791BEB /* TableHeaderView.m */ = {isa = PBXFileReference; fileEncoding = 4; lastKnownFileType = sourcecode.c.objc; path = TableHeaderView.m; sourceTree = "<group>"; };
		B7E43056181EC22A002B6867 /* ImagesInScroll.h */ = {isa = PBXFileReference; fileEncoding = 4; lastKnownFileType = sourcecode.c.h; path = ImagesInScroll.h; sourceTree = "<group>"; };
		B7E43057181EC22A002B6867 /* ImagesInScroll.m */ = {isa = PBXFileReference; fileEncoding = 4; lastKnownFileType = sourcecode.c.objc; path = ImagesInScroll.m; sourceTree = "<group>"; };
		B7E4305A181ED388002B6867 /* RootViewController.h */ = {isa = PBXFileReference; fileEncoding = 4; lastKnownFileType = sourcecode.c.h; path = RootViewController.h; sourceTree = "<group>"; };
		B7E4305B181ED388002B6867 /* RootViewController.m */ = {isa = PBXFileReference; fileEncoding = 4; lastKnownFileType = sourcecode.c.objc; path = RootViewController.m; sourceTree = "<group>"; };
		B7E43064181EE625002B6867 /* MenuTableViewController.h */ = {isa = PBXFileReference; fileEncoding = 4; lastKnownFileType = sourcecode.c.h; path = MenuTableViewController.h; sourceTree = "<group>"; };
		B7E43065181EE625002B6867 /* MenuTableViewController.m */ = {isa = PBXFileReference; fileEncoding = 4; lastKnownFileType = sourcecode.c.objc; path = MenuTableViewController.m; sourceTree = "<group>"; };
		B7E43067181EF7A6002B6867 /* logo.png */ = {isa = PBXFileReference; lastKnownFileType = image.png; path = logo.png; sourceTree = "<group>"; };
		B7E4B83E18087980006896D8 /* MapKit.framework */ = {isa = PBXFileReference; lastKnownFileType = wrapper.framework; name = MapKit.framework; path = System/Library/Frameworks/MapKit.framework; sourceTree = SDKROOT; };
		B7E6C295183BF909005E8598 /* CartRowCell.xib */ = {isa = PBXFileReference; fileEncoding = 4; lastKnownFileType = file.xib; path = CartRowCell.xib; sourceTree = "<group>"; };
		B7E6C297183BF927005E8598 /* CartRowCell.h */ = {isa = PBXFileReference; fileEncoding = 4; lastKnownFileType = sourcecode.c.h; path = CartRowCell.h; sourceTree = "<group>"; };
		B7E6C298183BF927005E8598 /* CartRowCell.m */ = {isa = PBXFileReference; fileEncoding = 4; lastKnownFileType = sourcecode.c.objc; path = CartRowCell.m; sourceTree = "<group>"; };
		B7E6C29B183C0F38005E8598 /* DishFooterView.h */ = {isa = PBXFileReference; fileEncoding = 4; lastKnownFileType = sourcecode.c.h; path = DishFooterView.h; sourceTree = "<group>"; };
		B7E6C29C183C0F38005E8598 /* DishFooterView.m */ = {isa = PBXFileReference; fileEncoding = 4; lastKnownFileType = sourcecode.c.objc; path = DishFooterView.m; sourceTree = "<group>"; };
		B7E6C29E183C0F56005E8598 /* DishFooterView.xib */ = {isa = PBXFileReference; fileEncoding = 4; lastKnownFileType = file.xib; path = DishFooterView.xib; sourceTree = "<group>"; };
		B7EE7B5E1849292A003EE5B8 /* background_signup@2x.jpg */ = {isa = PBXFileReference; lastKnownFileType = image.jpeg; path = "background_signup@2x.jpg"; sourceTree = "<group>"; };
		B7EE7B62184938A1003EE5B8 /* avatar@2x.png */ = {isa = PBXFileReference; lastKnownFileType = image.png; path = "avatar@2x.png"; sourceTree = "<group>"; };
		B7EE7B6418493DB6003EE5B8 /* back@2x.png */ = {isa = PBXFileReference; lastKnownFileType = image.png; path = "back@2x.png"; sourceTree = "<group>"; };
		B7EE7B67184CE412003EE5B8 /* UIColor+Custom.h */ = {isa = PBXFileReference; fileEncoding = 4; lastKnownFileType = sourcecode.c.h; path = "UIColor+Custom.h"; sourceTree = "<group>"; };
		B7EE7B68184CE412003EE5B8 /* UIColor+Custom.m */ = {isa = PBXFileReference; fileEncoding = 4; lastKnownFileType = sourcecode.c.objc; path = "UIColor+Custom.m"; sourceTree = "<group>"; };
		B7EE7B6E184D09F6003EE5B8 /* left_arrow@2x.png */ = {isa = PBXFileReference; lastKnownFileType = image.png; path = "left_arrow@2x.png"; sourceTree = "<group>"; };
		B7EE7B70184D0A2E003EE5B8 /* right_arrow@2x.png */ = {isa = PBXFileReference; lastKnownFileType = image.png; path = "right_arrow@2x.png"; sourceTree = "<group>"; };
		B7EE7B72184D3135003EE5B8 /* receipt_font.ttf */ = {isa = PBXFileReference; lastKnownFileType = file; path = receipt_font.ttf; sourceTree = "<group>"; };
		B7EE7B74184D349F003EE5B8 /* 6809CHAR.TTF */ = {isa = PBXFileReference; lastKnownFileType = file; path = 6809CHAR.TTF; sourceTree = "<group>"; };
		B7EE7B76184D3ED7003EE5B8 /* avatar_black@2x.png */ = {isa = PBXFileReference; lastKnownFileType = image.png; path = "avatar_black@2x.png"; sourceTree = "<group>"; };
		B7EE7B77184D3ED7003EE5B8 /* avatar_white@2x.png */ = {isa = PBXFileReference; lastKnownFileType = image.png; path = "avatar_white@2x.png"; sourceTree = "<group>"; };
		B7EE7B7B184E4570003EE5B8 /* UINavigationItem+iOS7Spacing.h */ = {isa = PBXFileReference; fileEncoding = 4; lastKnownFileType = sourcecode.c.h; path = "UINavigationItem+iOS7Spacing.h"; sourceTree = "<group>"; };
		B7EE7B7C184E4570003EE5B8 /* UINavigationItem+iOS7Spacing.m */ = {isa = PBXFileReference; fileEncoding = 4; lastKnownFileType = sourcecode.c.objc; path = "UINavigationItem+iOS7Spacing.m"; sourceTree = "<group>"; };
		B7EE7B7F184E5676003EE5B8 /* CustomIOS7AlertView.h */ = {isa = PBXFileReference; fileEncoding = 4; lastKnownFileType = sourcecode.c.h; path = CustomIOS7AlertView.h; sourceTree = "<group>"; };
		B7EE7B80184E5676003EE5B8 /* CustomIOS7AlertView.m */ = {isa = PBXFileReference; fileEncoding = 4; lastKnownFileType = sourcecode.c.objc; path = CustomIOS7AlertView.m; sourceTree = "<group>"; };
		B7EE7B82184E74DF003EE5B8 /* avatar_logged_black@2x.png */ = {isa = PBXFileReference; lastKnownFileType = image.png; path = "avatar_logged_black@2x.png"; sourceTree = "<group>"; };
		B7EE7B83184E74DF003EE5B8 /* avatar_logged_white@2x.png */ = {isa = PBXFileReference; lastKnownFileType = image.png; path = "avatar_logged_white@2x.png"; sourceTree = "<group>"; };
		B7EE7B86184FB821003EE5B8 /* logo@2x.png */ = {isa = PBXFileReference; lastKnownFileType = image.png; path = "logo@2x.png"; sourceTree = "<group>"; };
		B7EE7B88184FBF12003EE5B8 /* favorites@2x.png */ = {isa = PBXFileReference; lastKnownFileType = image.png; path = "favorites@2x.png"; sourceTree = "<group>"; };
		B7EE7B89184FBF12003EE5B8 /* settings@2x.png */ = {isa = PBXFileReference; lastKnownFileType = image.png; path = "settings@2x.png"; sourceTree = "<group>"; };
		B7EE7B8C184FC39E003EE5B8 /* logo_black@2x.png */ = {isa = PBXFileReference; lastKnownFileType = image.png; path = "logo_black@2x.png"; sourceTree = "<group>"; };
		B7EE7B8F184FD6AB003EE5B8 /* ProfileViewController.h */ = {isa = PBXFileReference; fileEncoding = 4; lastKnownFileType = sourcecode.c.h; path = ProfileViewController.h; sourceTree = "<group>"; };
		B7EE7B90184FD6AB003EE5B8 /* ProfileViewController.m */ = {isa = PBXFileReference; fileEncoding = 4; lastKnownFileType = sourcecode.c.objc; path = ProfileViewController.m; sourceTree = "<group>"; };
		B7EE7B92184FDEF0003EE5B8 /* CoreLocation.framework */ = {isa = PBXFileReference; lastKnownFileType = wrapper.framework; name = CoreLocation.framework; path = System/Library/Frameworks/CoreLocation.framework; sourceTree = SDKROOT; };
		B7EE7B9B1851020E003EE5B8 /* Lockbox.h */ = {isa = PBXFileReference; fileEncoding = 4; lastKnownFileType = sourcecode.c.h; name = Lockbox.h; path = ../../Lockbox/Lockbox.h; sourceTree = "<group>"; };
		B7EE7B9C1851020E003EE5B8 /* Lockbox.m */ = {isa = PBXFileReference; fileEncoding = 4; lastKnownFileType = sourcecode.c.objc; name = Lockbox.m; path = ../../Lockbox/Lockbox.m; sourceTree = "<group>"; };
		B7EE7B9E18510690003EE5B8 /* logout@2x.png */ = {isa = PBXFileReference; lastKnownFileType = image.png; path = "logout@2x.png"; sourceTree = SOURCE_ROOT; };
		B7FB3F90181B1A9700AD6036 /* RestoScrollView.h */ = {isa = PBXFileReference; fileEncoding = 4; lastKnownFileType = sourcecode.c.h; path = RestoScrollView.h; sourceTree = "<group>"; };
		B7FB3F91181B1A9700AD6036 /* RestoScrollView.m */ = {isa = PBXFileReference; fileEncoding = 4; lastKnownFileType = sourcecode.c.objc; path = RestoScrollView.m; sourceTree = "<group>"; };
/* End PBXFileReference section */

/* Begin PBXFrameworksBuildPhase section */
		B7CC196918047D92003C71B9 /* Frameworks */ = {
			isa = PBXFrameworksBuildPhase;
			buildActionMask = 2147483647;
			files = (
				B7EE7B93184FDEF0003EE5B8 /* CoreLocation.framework in Frameworks */,
				B7E20F2A182054F300791BEB /* SystemConfiguration.framework in Frameworks */,
				B7E4B83F18087980006896D8 /* MapKit.framework in Frameworks */,
				B7CC197218047D92003C71B9 /* CoreGraphics.framework in Frameworks */,
				B7CC197618047D92003C71B9 /* CoreData.framework in Frameworks */,
				B7CC197418047D92003C71B9 /* UIKit.framework in Frameworks */,
				B7CC197018047D92003C71B9 /* Foundation.framework in Frameworks */,
				D6D63E0995B84A2A89637C60 /* libPods.a in Frameworks */,
			);
			runOnlyForDeploymentPostprocessing = 0;
		};
		B7CC199218047D92003C71B9 /* Frameworks */ = {
			isa = PBXFrameworksBuildPhase;
			buildActionMask = 2147483647;
			files = (
				B7CC199718047D92003C71B9 /* XCTest.framework in Frameworks */,
				B7CC199A18047D92003C71B9 /* CoreData.framework in Frameworks */,
				B7CC199918047D92003C71B9 /* UIKit.framework in Frameworks */,
				B7CC199818047D92003C71B9 /* Foundation.framework in Frameworks */,
			);
			runOnlyForDeploymentPostprocessing = 0;
		};
/* End PBXFrameworksBuildPhase section */

/* Begin PBXGroup section */
		B70C333E1805A28B0045183F /* Models */ = {
			isa = PBXGroup;
			children = (
				B7E20F49182182ED00791BEB /* _Subsections.h */,
				B7E20F4A182182ED00791BEB /* _Subsections.m */,
				B7E20F4B182182ED00791BEB /* Subsections.h */,
				B7E20F4C182182ED00791BEB /* Subsections.m */,
				B7E20F2B1820560100791BEB /* _Dishes.h */,
				B7E20F2C1820560100791BEB /* _Menu.h */,
				B7E20F2D1820560100791BEB /* _Sections.h */,
				B7E20F2E1820560100791BEB /* _Sections.m */,
				B7E20F2F1820560100791BEB /* Dishes.h */,
				B7E20F301820560100791BEB /* Dishes.m */,
				B7E20F331820560100791BEB /* Sections.h */,
				B7E20F341820560100791BEB /* Sections.m */,
				B7E20F351820560100791BEB /* _Dishes.m */,
				B7E20F361820560100791BEB /* _Menu.m */,
				B7E20F371820560100791BEB /* _Option.h */,
				B7E20F381820560100791BEB /* _Option.m */,
				B7E20F391820560100791BEB /* _Options.h */,
				B7E20F3A1820560100791BEB /* _Options.m */,
				B7E20F3B1820560100791BEB /* Option.h */,
				B7E20F3C1820560100791BEB /* Option.m */,
				B7E20F3D1820560100791BEB /* Options.h */,
				B7E20F3E1820560100791BEB /* Options.m */,
				B70C33451805B2A70045183F /* _Images.h */,
				B70C33461805B2A70045183F /* _Restaurant.h */,
				B70C33471805B2A70045183F /* _Restaurant.m */,
				B70C33481805B2A70045183F /* _Images.m */,
				B70C333F1805A3270045183F /* Images.h */,
				B70C33401805A3270045183F /* Images.m */,
				B70C33411805A3270045183F /* Restaurant.h */,
				B70C33421805A3270045183F /* Restaurant.m */,
			);
			path = Models;
			sourceTree = "<group>";
		};
		B70D7743183D101A00C89D79 /* Header Half - LOGIC */ = {
			isa = PBXGroup;
			children = (
				B7B7441E182C0D13001DFC49 /* DishTableViewCell.h */,
				B7B7441F182C0D13001DFC49 /* DishTableViewCell.m */,
				B7B74421182C0D26001DFC49 /* DishTableViewCell.xib */,
			);
			name = "Header Half - LOGIC";
			sourceTree = "<group>";
		};
		B74AC374183E74C600A89616 /* Shopping Cart Button */ = {
			isa = PBXGroup;
			children = (
				B74AC372183E737A00A89616 /* CartButton.xib */,
				B74AC375183E751C00A89616 /* CartButton.h */,
				B74AC376183E751C00A89616 /* CartButton.m */,
			);
			name = "Shopping Cart Button";
			sourceTree = "<group>";
		};
		B74AC378183EAD3000A89616 /* Checkout */ = {
			isa = PBXGroup;
			children = (
				B74AC379183EAD4600A89616 /* CheckoutViewController.h */,
				B74AC37A183EAD4600A89616 /* CheckoutViewController.m */,
			);
			name = Checkout;
			sourceTree = "<group>";
		};
		B77A8D02183FDFB700AFBAEE /* Sign In / Up */ = {
			isa = PBXGroup;
			children = (
				B7EE7B8E184FD606003EE5B8 /* Profile */,
				B77A8D03183FDFCB00AFBAEE /* SignInViewController.h */,
				B77A8D04183FDFCB00AFBAEE /* SignInViewController.m */,
				B7DA9D97184545220072AD47 /* UserSession.h */,
				B7DA9D98184545220072AD47 /* UserSession.m */,
				B7DA9DA11846A62E0072AD47 /* SignUpViewController.h */,
				B7DA9DA21846A62E0072AD47 /* SignUpViewController.m */,
				B7DA9DA41847B34E0072AD47 /* User.h */,
				B7DA9DA51847B34E0072AD47 /* User.m */,
			);
			name = "Sign In / Up";
			sourceTree = "<group>";
		};
		B77A8D06183FFD2000AFBAEE /* Cart Row */ = {
			isa = PBXGroup;
			children = (
				B7E6C295183BF909005E8598 /* CartRowCell.xib */,
				B7E6C297183BF927005E8598 /* CartRowCell.h */,
				B7E6C298183BF927005E8598 /* CartRowCell.m */,
				B77A8D07183FFD3A00AFBAEE /* ButtonCartRow.h */,
				B77A8D08183FFD3A00AFBAEE /* ButtonCartRow.m */,
			);
			name = "Cart Row";
			sourceTree = "<group>";
		};
		B7B74419182BFA2A001DFC49 /* Sections */ = {
			isa = PBXGroup;
			children = (
				B7E12849183BDA3E0079B5E9 /* SectionTableView */,
				B7E12845183BB27D0079B5E9 /* DishTableView */,
			);
			name = Sections;
			sourceTree = "<group>";
		};
		B7B7441D182C0CEA001DFC49 /* DishTableViewCell */ = {
			isa = PBXGroup;
			children = (
				B70D7743183D101A00C89D79 /* Header Half - LOGIC */,
				B7E6C29A183C0F10005E8598 /* Footer Half */,
				B7E12855183BE3550079B5E9 /* Middle Half */,
				B7B74458183532CA001DFC49 /* Options */,
			);
			name = DishTableViewCell;
			sourceTree = "<group>";
		};
		B7B74423182C195D001DFC49 /* DishScrollCell */ = {
			isa = PBXGroup;
			children = (
				B7E20F4F1822F91600791BEB /* DishViewCell.xib */,
				B7E20F54182302CB00791BEB /* DishViewCell.h */,
				B7E20F55182302CB00791BEB /* DishViewCell.m */,
				B7B74424182C1981001DFC49 /* DishScrollView.h */,
				B7B74425182C1981001DFC49 /* DishScrollView.m */,
				B7B74427182C1AFC001DFC49 /* DishView.xib */,
				B7B74429182C1B0B001DFC49 /* DishView.h */,
				B7B7442A182C1B0B001DFC49 /* DishView.m */,
			);
			name = DishScrollCell;
			sourceTree = "<group>";
		};
		B7B7442E1832841F001DFC49 /* TableHeaderView */ = {
			isa = PBXGroup;
			children = (
				B7E20F571824046600791BEB /* TableHeaderView.xib */,
				B7E20F591824053600791BEB /* TableHeaderView.h */,
				B7E20F5A1824053600791BEB /* TableHeaderView.m */,
				B7B7442F18328437001DFC49 /* TableHeaderViewGradient.h */,
				B7B7443018328437001DFC49 /* TableHeaderViewGradient.m */,
			);
			name = TableHeaderView;
			sourceTree = "<group>";
		};
		B7B744481832DFC5001DFC49 /* Shopping Cart */ = {
			isa = PBXGroup;
			children = (
				B77A8D06183FFD2000AFBAEE /* Cart Row */,
				B77A8D02183FDFB700AFBAEE /* Sign In / Up */,
				B74AC378183EAD3000A89616 /* Checkout */,
				B74AC374183E74C600A89616 /* Shopping Cart Button */,
				B7B7444F1833EFE5001DFC49 /* ShoppingCartTableView.h */,
				B7B744501833EFE5001DFC49 /* ShoppingCartTableView.m */,
				B7B7445218341CBF001DFC49 /* CheckoutView.h */,
				B7B7445318341CBF001DFC49 /* CheckoutView.m */,
				B7B7445518341CCE001DFC49 /* CheckoutView.xib */,
			);
			name = "Shopping Cart";
			sourceTree = "<group>";
		};
		B7B74458183532CA001DFC49 /* Options */ = {
			isa = PBXGroup;
			children = (
				B7B7445B183532EE001DFC49 /* OptionsView.h */,
				B7B7445C183532EE001DFC49 /* OptionsView.m */,
			);
			name = Options;
			sourceTree = "<group>";
		};
		B7CC196318047D92003C71B9 = {
			isa = PBXGroup;
			children = (
				B7CC197718047D92003C71B9 /* Restaurants */,
				B7CC199D18047D92003C71B9 /* RestaurantsTests */,
				B7CC196E18047D92003C71B9 /* Frameworks */,
				B7CC196D18047D92003C71B9 /* Products */,
				21643D1EDB914A93936A017C /* Pods.xcconfig */,
			);
			sourceTree = "<group>";
		};
		B7CC196D18047D92003C71B9 /* Products */ = {
			isa = PBXGroup;
			children = (
				B7CC196C18047D92003C71B9 /* Restaurants.app */,
				B7CC199518047D92003C71B9 /* RestaurantsTests.xctest */,
			);
			name = Products;
			sourceTree = "<group>";
		};
		B7CC196E18047D92003C71B9 /* Frameworks */ = {
			isa = PBXGroup;
			children = (
				B7EE7B92184FDEF0003EE5B8 /* CoreLocation.framework */,
				B7E20F29182054F300791BEB /* SystemConfiguration.framework */,
				B7E4B83E18087980006896D8 /* MapKit.framework */,
				B7CC196F18047D92003C71B9 /* Foundation.framework */,
				B7CC197118047D92003C71B9 /* CoreGraphics.framework */,
				B7CC197318047D92003C71B9 /* UIKit.framework */,
				B7CC197518047D92003C71B9 /* CoreData.framework */,
				B7CC199618047D92003C71B9 /* XCTest.framework */,
				18C89D06B07D4F4B8B054A7B /* libPods.a */,
			);
			name = Frameworks;
			sourceTree = "<group>";
		};
		B7CC197718047D92003C71B9 /* Restaurants */ = {
			isa = PBXGroup;
			children = (
				B7CC19AE18047DAB003C71B9 /* ViewControllers */,
				B7CC19AD18047DA0003C71B9 /* Delegates */,
				B7CC198318047D92003C71B9 /* Main.storyboard */,
				B7CC198F18047D92003C71B9 /* Images.xcassets */,
				B7CC198618047D92003C71B9 /* Restaurants.xcdatamodeld */,
				B7CC197818047D92003C71B9 /* Supporting Files */,
			);
			path = Restaurants;
			sourceTree = "<group>";
		};
		B7CC197818047D92003C71B9 /* Supporting Files */ = {
			isa = PBXGroup;
			children = (
				B7CF7B811852E522000D326F /* info@2x.png */,
				B7CF7B7F1852C709000D326F /* locked@2x.png */,
				B7EE7B9E18510690003EE5B8 /* logout@2x.png */,
				B7EE7B8C184FC39E003EE5B8 /* logo_black@2x.png */,
				B7EE7B88184FBF12003EE5B8 /* favorites@2x.png */,
				B7EE7B89184FBF12003EE5B8 /* settings@2x.png */,
				B7EE7B86184FB821003EE5B8 /* logo@2x.png */,
				B7EE7B82184E74DF003EE5B8 /* avatar_logged_black@2x.png */,
				B7EE7B83184E74DF003EE5B8 /* avatar_logged_white@2x.png */,
				B7EE7B76184D3ED7003EE5B8 /* avatar_black@2x.png */,
				B7EE7B77184D3ED7003EE5B8 /* avatar_white@2x.png */,
				B7EE7B74184D349F003EE5B8 /* 6809CHAR.TTF */,
				B7EE7B72184D3135003EE5B8 /* receipt_font.ttf */,
				B7EE7B70184D0A2E003EE5B8 /* right_arrow@2x.png */,
				B7EE7B6E184D09F6003EE5B8 /* left_arrow@2x.png */,
				B7EE7B6418493DB6003EE5B8 /* back@2x.png */,
				B7EE7B62184938A1003EE5B8 /* avatar@2x.png */,
				B7EE7B5E1849292A003EE5B8 /* background_signup@2x.jpg */,
				B79E8F6B1847E0D600BF4F3F /* foodcloud_icon@2x.png */,
				B79E8F691847DF2D00BF4F3F /* facebook@2x.png */,
				B7DA9D9E184670EC0072AD47 /* icon@2x.png */,
				B7DA9D951843E3CC0072AD47 /* arrow@2x.png */,
				B7DA9D8F1843DFAF0072AD47 /* control@2x.png */,
				B7DA9D8D1843DF2F0072AD47 /* cart@2x.png */,
				B7DA9D821843B1870072AD47 /* freestylebold.ttf */,
				B77A8D0C1843AAF900AFBAEE /* FREESCPT.TTF */,
				B7B744401832AF5C001DFC49 /* gear-32x32.png */,
				B7E43067181EF7A6002B6867 /* logo.png */,
				B70C335B1806F5F70045183F /* Default.png */,
				B7CC197918047D92003C71B9 /* Restaurants-Info.plist */,
				B7CC197A18047D92003C71B9 /* InfoPlist.strings */,
				B7CC197D18047D92003C71B9 /* main.m */,
				B7CC197F18047D92003C71B9 /* Restaurants-Prefix.pch */,
			);
			name = "Supporting Files";
			sourceTree = "<group>";
		};
		B7CC199D18047D92003C71B9 /* RestaurantsTests */ = {
			isa = PBXGroup;
			children = (
				B7CC19A318047D92003C71B9 /* RestaurantsTests.m */,
				B7CC199E18047D92003C71B9 /* Supporting Files */,
			);
			path = RestaurantsTests;
			sourceTree = "<group>";
		};
		B7CC199E18047D92003C71B9 /* Supporting Files */ = {
			isa = PBXGroup;
			children = (
				B7CC199F18047D92003C71B9 /* RestaurantsTests-Info.plist */,
				B7CC19A018047D92003C71B9 /* InfoPlist.strings */,
			);
			name = "Supporting Files";
			sourceTree = "<group>";
		};
		B7CC19AD18047DA0003C71B9 /* Delegates */ = {
			isa = PBXGroup;
			children = (
				B7EE7B971850F9FB003EE5B8 /* Keychain */,
				B7EE7B7E184E5669003EE5B8 /* Custom Alert */,
				B7EE7B7A184E4558003EE5B8 /* Custom Back Button */,
				B7EE7B66184CE3F4003EE5B8 /* Global Color */,
				B7CC198018047D92003C71B9 /* RAppDelegate.h */,
				B7CC198118047D92003C71B9 /* RAppDelegate.m */,
			);
			name = Delegates;
			sourceTree = "<group>";
		};
		B7CC19AE18047DAB003C71B9 /* ViewControllers */ = {
			isa = PBXGroup;
			children = (
				B7E4B83D18085D5C006896D8 /* Views */,
				B70C333E1805A28B0045183F /* Models */,
			);
			name = ViewControllers;
			sourceTree = "<group>";
		};
		B7CC19AF18047DEF003C71B9 /* Cells */ = {
			isa = PBXGroup;
			children = (
				B7DA9D861843DCEF0072AD47 /* Scroll View */,
				B7CC19B318047E3D003C71B9 /* RestaurantCells.h */,
				B7CC19B418047E3D003C71B9 /* RestaurantCells.m */,
				B70C335D180745A90045183F /* RestaurantLabelView.h */,
				B70C335E180745A90045183F /* RestaurantLabelView.m */,
			);
			name = Cells;
			sourceTree = "<group>";
		};
		B7DA9D861843DCEF0072AD47 /* Scroll View */ = {
			isa = PBXGroup;
			children = (
				B7FB3F90181B1A9700AD6036 /* RestoScrollView.h */,
				B7FB3F91181B1A9700AD6036 /* RestoScrollView.m */,
				B7E43056181EC22A002B6867 /* ImagesInScroll.h */,
				B7E43057181EC22A002B6867 /* ImagesInScroll.m */,
			);
			name = "Scroll View";
			sourceTree = "<group>";
		};
		B7E12845183BB27D0079B5E9 /* DishTableView */ = {
			isa = PBXGroup;
			children = (
				B7B7441D182C0CEA001DFC49 /* DishTableViewCell */,
				B7E12846183BB2980079B5E9 /* DishTableViewController.h */,
				B7E12847183BB2980079B5E9 /* DishTableViewController.m */,
			);
			name = DishTableView;
			sourceTree = "<group>";
		};
		B7E12849183BDA3E0079B5E9 /* SectionTableView */ = {
			isa = PBXGroup;
			children = (
				B7E1284A183BDA4D0079B5E9 /* SectionDishViewCells */,
				B7B7441A182BFAA2001DFC49 /* SectionTableViewController.h */,
				B7B7441B182BFAA2001DFC49 /* SectionTableViewController.m */,
			);
			name = SectionTableView;
			sourceTree = "<group>";
		};
		B7E1284A183BDA4D0079B5E9 /* SectionDishViewCells */ = {
			isa = PBXGroup;
			children = (
				B7E1284B183BDAB10079B5E9 /* SectionDishViewCell.h */,
				B7E1284C183BDAB10079B5E9 /* SectionDishViewCell.m */,
				B7E1284E183BDADD0079B5E9 /* SectionDishViewCell.xib */,
			);
			name = SectionDishViewCells;
			sourceTree = "<group>";
		};
		B7E12855183BE3550079B5E9 /* Middle Half */ = {
			isa = PBXGroup;
			children = (
				B7E12850183BE2E70079B5E9 /* DishCellViewLowerHalf.xib */,
				B7E12852183BE3020079B5E9 /* DishCellViewLowerHalf.h */,
				B7E12853183BE3020079B5E9 /* DishCellViewLowerHalf.m */,
			);
			name = "Middle Half";
			sourceTree = "<group>";
		};
		B7E20F22182042D700791BEB /* Subviews */ = {
			isa = PBXGroup;
			children = (
				B7B7442E1832841F001DFC49 /* TableHeaderView */,
				B7B74423182C195D001DFC49 /* DishScrollCell */,
				B78FB10F18200CE40063E6C4 /* StorefrontLabel.h */,
				B78FB11018200CE40063E6C4 /* StorefrontLabel.m */,
				B78FB11218200ED10063E6C4 /* StorefrontScrollView.h */,
				B78FB11318200ED10063E6C4 /* StorefrontScrollView.m */,
				B78FB118182010E80063E6C4 /* StorefrontImageView.h */,
				B78FB119182010E80063E6C4 /* StorefrontImageView.m */,
				B7E20F1818202EE200791BEB /* StorefrontGradientView.h */,
				B7E20F1918202EE200791BEB /* StorefrontGradientView.m */,
				B7E20F1E18203FB900791BEB /* Header.xib */,
				B7E20F2018203FEC00791BEB /* Footer.xib */,
				B7E20F23182042F800791BEB /* Header.h */,
				B7E20F24182042F800791BEB /* Header.m */,
				B7E20F261820459500791BEB /* Footer.h */,
				B7E20F271820459500791BEB /* Footer.m */,
			);
			name = Subviews;
			sourceTree = "<group>";
		};
		B7E43059181ED370002B6867 /* Main */ = {
			isa = PBXGroup;
			children = (
				B7E4305A181ED388002B6867 /* RootViewController.h */,
				B7E4305B181ED388002B6867 /* RootViewController.m */,
			);
			name = Main;
			sourceTree = "<group>";
		};
		B7E43063181EE608002B6867 /* Menu */ = {
			isa = PBXGroup;
			children = (
				B7B744481832DFC5001DFC49 /* Shopping Cart */,
				B7E43064181EE625002B6867 /* MenuTableViewController.h */,
				B7E43065181EE625002B6867 /* MenuTableViewController.m */,
			);
			name = Menu;
			sourceTree = "<group>";
		};
		B7E4B83D18085D5C006896D8 /* Views */ = {
			isa = PBXGroup;
			children = (
				B7E43063181EE608002B6867 /* Menu */,
				B7E43059181ED370002B6867 /* Main */,
				B7E4B84118087E4E006896D8 /* Restaurant List */,
				B7E4B84018087E46006896D8 /* Storefront */,
			);
			name = Views;
			sourceTree = "<group>";
		};
		B7E4B84018087E46006896D8 /* Storefront */ = {
			isa = PBXGroup;
			children = (
				B7B74419182BFA2A001DFC49 /* Sections */,
				B7E20F22182042D700791BEB /* Subviews */,
				B7E20F1B18203C1E00791BEB /* StorefrontTableViewController.h */,
				B7E20F1C18203C1E00791BEB /* StorefrontTableViewController.m */,
			);
			name = Storefront;
			sourceTree = "<group>";
		};
		B7E4B84118087E4E006896D8 /* Restaurant List */ = {
			isa = PBXGroup;
			children = (
				B7CC19AF18047DEF003C71B9 /* Cells */,
				B7CC19B618047FE9003C71B9 /* RestaurantViewController.h */,
				B7CC19B718047FE9003C71B9 /* RestaurantViewController.m */,
			);
			name = "Restaurant List";
			sourceTree = "<group>";
		};
		B7E6C29A183C0F10005E8598 /* Footer Half */ = {
			isa = PBXGroup;
			children = (
				B7E6C29B183C0F38005E8598 /* DishFooterView.h */,
				B7E6C29C183C0F38005E8598 /* DishFooterView.m */,
				B7E6C29E183C0F56005E8598 /* DishFooterView.xib */,
			);
			name = "Footer Half";
			sourceTree = "<group>";
		};
		B7EE7B66184CE3F4003EE5B8 /* Global Color */ = {
			isa = PBXGroup;
			children = (
				B7EE7B67184CE412003EE5B8 /* UIColor+Custom.h */,
				B7EE7B68184CE412003EE5B8 /* UIColor+Custom.m */,
			);
			name = "Global Color";
			sourceTree = "<group>";
		};
		B7EE7B7A184E4558003EE5B8 /* Custom Back Button */ = {
			isa = PBXGroup;
			children = (
				B7EE7B7B184E4570003EE5B8 /* UINavigationItem+iOS7Spacing.h */,
				B7EE7B7C184E4570003EE5B8 /* UINavigationItem+iOS7Spacing.m */,
			);
			name = "Custom Back Button";
			sourceTree = "<group>";
		};
		B7EE7B7E184E5669003EE5B8 /* Custom Alert */ = {
			isa = PBXGroup;
			children = (
				B7EE7B7F184E5676003EE5B8 /* CustomIOS7AlertView.h */,
				B7EE7B80184E5676003EE5B8 /* CustomIOS7AlertView.m */,
			);
			name = "Custom Alert";
			sourceTree = "<group>";
		};
		B7EE7B8E184FD606003EE5B8 /* Profile */ = {
			isa = PBXGroup;
			children = (
				B7EE7B8F184FD6AB003EE5B8 /* ProfileViewController.h */,
				B7EE7B90184FD6AB003EE5B8 /* ProfileViewController.m */,
			);
			name = Profile;
			sourceTree = "<group>";
		};
		B7EE7B971850F9FB003EE5B8 /* Keychain */ = {
			isa = PBXGroup;
			children = (
				B7EE7B9B1851020E003EE5B8 /* Lockbox.h */,
				B7EE7B9C1851020E003EE5B8 /* Lockbox.m */,
			);
			name = Keychain;
			sourceTree = "<group>";
		};
/* End PBXGroup section */

/* Begin PBXNativeTarget section */
		B7CC196B18047D92003C71B9 /* Restaurants */ = {
			isa = PBXNativeTarget;
			buildConfigurationList = B7CC19A718047D92003C71B9 /* Build configuration list for PBXNativeTarget "Restaurants" */;
			buildPhases = (
				B70C333D1805A2380045183F /* Run Script */,
				278D1C011CD645AD8A13EA85 /* Check Pods Manifest.lock */,
				B7CC196818047D92003C71B9 /* Sources */,
				B7CC196918047D92003C71B9 /* Frameworks */,
				B7CC196A18047D92003C71B9 /* Resources */,
				EEAC1F83958B4D6E92742F48 /* Copy Pods Resources */,
				B7DA9DA0184674CB0072AD47 /* Run Script */,
			);
			buildRules = (
			);
			dependencies = (
			);
			name = Restaurants;
			productName = Restaurants;
			productReference = B7CC196C18047D92003C71B9 /* Restaurants.app */;
			productType = "com.apple.product-type.application";
		};
		B7CC199418047D92003C71B9 /* RestaurantsTests */ = {
			isa = PBXNativeTarget;
			buildConfigurationList = B7CC19AA18047D92003C71B9 /* Build configuration list for PBXNativeTarget "RestaurantsTests" */;
			buildPhases = (
				B7CC199118047D92003C71B9 /* Sources */,
				B7CC199218047D92003C71B9 /* Frameworks */,
				B7CC199318047D92003C71B9 /* Resources */,
			);
			buildRules = (
			);
			dependencies = (
				B7CC199C18047D92003C71B9 /* PBXTargetDependency */,
			);
			name = RestaurantsTests;
			productName = RestaurantsTests;
			productReference = B7CC199518047D92003C71B9 /* RestaurantsTests.xctest */;
			productType = "com.apple.product-type.bundle.unit-test";
		};
/* End PBXNativeTarget section */

/* Begin PBXProject section */
		B7CC196418047D92003C71B9 /* Project object */ = {
			isa = PBXProject;
			attributes = {
				CLASSPREFIX = R;
				LastUpgradeCheck = 0500;
				ORGANIZATIONNAME = "Philip Tolton";
				TargetAttributes = {
					B7CC199418047D92003C71B9 = {
						TestTargetID = B7CC196B18047D92003C71B9;
					};
				};
			};
			buildConfigurationList = B7CC196718047D92003C71B9 /* Build configuration list for PBXProject "Restaurants" */;
			compatibilityVersion = "Xcode 3.2";
			developmentRegion = English;
			hasScannedForEncodings = 0;
			knownRegions = (
				en,
				Base,
			);
			mainGroup = B7CC196318047D92003C71B9;
			productRefGroup = B7CC196D18047D92003C71B9 /* Products */;
			projectDirPath = "";
			projectRoot = "";
			targets = (
				B7CC196B18047D92003C71B9 /* Restaurants */,
				B7CC199418047D92003C71B9 /* RestaurantsTests */,
			);
		};
/* End PBXProject section */

/* Begin PBXResourcesBuildPhase section */
		B7CC196A18047D92003C71B9 /* Resources */ = {
			isa = PBXResourcesBuildPhase;
			buildActionMask = 2147483647;
			files = (
				B7E12851183BE2E70079B5E9 /* DishCellViewLowerHalf.xib in Resources */,
				B7DA9D831843B1870072AD47 /* freestylebold.ttf in Resources */,
				B7EE7B8A184FBF12003EE5B8 /* favorites@2x.png in Resources */,
				B7EE7B6F184D09F6003EE5B8 /* left_arrow@2x.png in Resources */,
				B7E1284F183BDADD0079B5E9 /* SectionDishViewCell.xib in Resources */,
				B7EE7B8B184FBF12003EE5B8 /* settings@2x.png in Resources */,
				B7B7445618341CCE001DFC49 /* CheckoutView.xib in Resources */,
				B7EE7B79184D3ED7003EE5B8 /* avatar_white@2x.png in Resources */,
				B7EE7B9F18510690003EE5B8 /* logout@2x.png in Resources */,
				B7E20F501822F91600791BEB /* DishViewCell.xib in Resources */,
				B7EE7B5F1849292A003EE5B8 /* background_signup@2x.jpg in Resources */,
				B7E20F581824046600791BEB /* TableHeaderView.xib in Resources */,
				B7EE7B6518493DB6003EE5B8 /* back@2x.png in Resources */,
				B7CC199018047D92003C71B9 /* Images.xcassets in Resources */,
				B7B74422182C0D26001DFC49 /* DishTableViewCell.xib in Resources */,
				B7EE7B75184D349F003EE5B8 /* 6809CHAR.TTF in Resources */,
				B7EE7B63184938A1003EE5B8 /* avatar@2x.png in Resources */,
				B7B74428182C1AFC001DFC49 /* DishView.xib in Resources */,
				B77A8D0D1843AAF900AFBAEE /* FREESCPT.TTF in Resources */,
				B7E43068181EF7A6002B6867 /* logo.png in Resources */,
				B7EE7B8D184FC39E003EE5B8 /* logo_black@2x.png in Resources */,
				B7EE7B73184D3135003EE5B8 /* receipt_font.ttf in Resources */,
				B7CF7B801852C709000D326F /* locked@2x.png in Resources */,
				B7DA9D901843DFAF0072AD47 /* control@2x.png in Resources */,
				B7CF7B821852E522000D326F /* info@2x.png in Resources */,
				B79E8F6A1847DF2D00BF4F3F /* facebook@2x.png in Resources */,
				B74AC373183E737A00A89616 /* CartButton.xib in Resources */,
				B7EE7B71184D0A2E003EE5B8 /* right_arrow@2x.png in Resources */,
				B7EE7B85184E74DF003EE5B8 /* avatar_logged_white@2x.png in Resources */,
				B7E6C29F183C0F56005E8598 /* DishFooterView.xib in Resources */,
				B7CC197C18047D92003C71B9 /* InfoPlist.strings in Resources */,
				B7EE7B78184D3ED7003EE5B8 /* avatar_black@2x.png in Resources */,
				B7CC198518047D92003C71B9 /* Main.storyboard in Resources */,
				B79E8F6C1847E0D600BF4F3F /* foodcloud_icon@2x.png in Resources */,
				B7DA9D8E1843DF2F0072AD47 /* cart@2x.png in Resources */,
				B7E20F1F18203FB900791BEB /* Header.xib in Resources */,
				B7E6C296183BF909005E8598 /* CartRowCell.xib in Resources */,
				B7DA9D961843E3CC0072AD47 /* arrow@2x.png in Resources */,
				B7E20F2118203FEC00791BEB /* Footer.xib in Resources */,
				B70C335C1806F5F70045183F /* Default.png in Resources */,
				B7B744411832AF5C001DFC49 /* gear-32x32.png in Resources */,
				B7EE7B87184FB821003EE5B8 /* logo@2x.png in Resources */,
				B7DA9D9F184670EC0072AD47 /* icon@2x.png in Resources */,
				B7EE7B84184E74DF003EE5B8 /* avatar_logged_black@2x.png in Resources */,
			);
			runOnlyForDeploymentPostprocessing = 0;
		};
		B7CC199318047D92003C71B9 /* Resources */ = {
			isa = PBXResourcesBuildPhase;
			buildActionMask = 2147483647;
			files = (
				B7CC19A218047D92003C71B9 /* InfoPlist.strings in Resources */,
			);
			runOnlyForDeploymentPostprocessing = 0;
		};
/* End PBXResourcesBuildPhase section */

/* Begin PBXShellScriptBuildPhase section */
		278D1C011CD645AD8A13EA85 /* Check Pods Manifest.lock */ = {
			isa = PBXShellScriptBuildPhase;
			buildActionMask = 2147483647;
			files = (
			);
			inputPaths = (
			);
			name = "Check Pods Manifest.lock";
			outputPaths = (
			);
			runOnlyForDeploymentPostprocessing = 0;
			shellPath = /bin/sh;
			shellScript = "diff \"${PODS_ROOT}/../Podfile.lock\" \"${PODS_ROOT}/Manifest.lock\" > /dev/null\nif [[ $? != 0 ]] ; then\n    cat << EOM\nerror: The sandbox is not in sync with the Podfile.lock. Run 'pod install' or update your CocoaPods installation.\nEOM\n    exit 1\nfi\n";
			showEnvVarsInLog = 0;
		};
		B70C333D1805A2380045183F /* Run Script */ = {
			isa = PBXShellScriptBuildPhase;
			buildActionMask = 2147483647;
			files = (
			);
			inputPaths = (
			);
			name = "Run Script";
			outputPaths = (
			);
			runOnlyForDeploymentPostprocessing = 0;
			shellPath = /bin/sh;
			shellScript = "mogenerator -m Restaurants/Restaurants.xcdatamodeld -O Restaurants/Models --template-var arc=true";
		};
		B7DA9DA0184674CB0072AD47 /* Run Script */ = {
			isa = PBXShellScriptBuildPhase;
			buildActionMask = 12;
			files = (
			);
			inputPaths = (
			);
			name = "Run Script";
			outputPaths = (
			);
			runOnlyForDeploymentPostprocessing = 0;
			shellPath = "/Users/philiptolton/.rbenv/versions/1.9.3-p286/bin/ruby";
			shellScript = "def get_file_as_string(filename)\ndata = ''\nf = File.open(filename, \"r\")\nf.each_line do |line|\ndata += line\nend\nreturn data\nend\n\n\ndef handle_alpha_beta(old_value, letter, infoplist, start_of_value, end_of_value)\nparts = old_value.split(letter)\nversion_num = parts[0]\nalpha_num = parts[1].to_i\n\nalpha_num = alpha_num + 1\nnew_version = version_num.to_s + letter + alpha_num.to_s\nprint \"Assigning new version: \" + new_version + \"\\n\"\nnew_key = \"<string>#{new_version}</string>\"\n\npart_1 = infoplist[0, start_of_value - '<string>'.length];\npart_2 = new_key\npart_3 = infoplist[end_of_value + \"</string>\".length, infoplist.length - (end_of_value - start_of_value + (new_key.length - 1))]\n\nnew_info_plist = part_1 + part_2 + part_3\nnew_info_plist\nend\n\ndef find_and_increment_version_number_with_key(key, infoplist)\n\nstart_of_key = infoplist.index(key)\nstart_of_value = infoplist.index(\"<string>\", start_of_key) + \"<string>\".length\nend_of_value = infoplist.index(\"</string>\", start_of_value)\nold_value = infoplist[start_of_value, end_of_value - start_of_value]\n\nprint \"Old version for \" + key + \": \" + old_value + \"\\n\"\nprint old_value.class.to_s + \"\\n\"\nold_value_int = old_value.to_i\nprint old_value_int.class.to_s + \"\\n\"\nif (old_value.index(\"a\") != nil) # alpha\ninfoplist = handle_alpha_beta(old_value, \"a\", infoplist, start_of_value, end_of_value)\nelsif (old_value.index(\"b\") != nil) # beta\ninfoplist = handle_alpha_beta(old_value, \"b\", infoplist, start_of_value, end_of_value)\nelsif (old_value.index(\".\") != nil) # release dot version\nparts = old_value.split(\".\")\nlast_part = parts.last.to_i\nlast_part = last_part + 1\nparts.delete(parts.last)\n\nnew_version = \"\"\nfirst = true\nparts.each do |one_part|\nif (first)\nfirst = false\nelse\nnew_version = new_version + \".\"\nend\nnew_version = new_version + one_part\nend\nnew_version = new_version.to_s + \".\" + last_part.to_s\nprint \"New version: \" + new_version.to_s + \"\\n\"\nnew_key = \"<string>#{new_version}</string>\"\ninfoplist = \"#{infoplist[0, start_of_value - '<string>'.length]}#{new_key}#{infoplist[end_of_value + '</string>'.length, infoplist.length - (end_of_value+1)]}\"\nelsif (old_value.to_i != nil) # straight integer build number\nnew_version = old_value.to_i + 1\nprint \"New version: \" + new_version.to_s + \"\\n\"\nnew_key = \"<string>#{new_version}</string>\"\n\npart_1 = infoplist[0, start_of_value - '<string>'.length]\npart_2 = new_key\npart_3 = infoplist[end_of_value + \"</string>\".length, infoplist.length - (end_of_value+1)]\ninfoplist = part_1 + part_2 + part_3\nend\ninfoplist\nend\n\n\n\nconfig = ENV['CONFIGURATION'].upcase\nconfig_build_dir = ENV['CONFIGURATION_BUILD_DIR']\n\narchive_action = false\nif (config_build_dir.include?(\"ArchiveIntermediates\"))\narchive_action = true\nend\n\nprint \"Archive: \" + archive_action.to_s + \"\\n\"\n\n\nprint config\n\nif (config == \"RELEASE\")\nprint \" incrementing build numbers\\n\"\nproject_dir = ENV['PROJECT_DIR']\ninfoplist_file = ENV['INFOPLIST_FILE']\nplist_filename = \"#{project_dir}/#{infoplist_file}\"\n\ninfoplist = get_file_as_string(plist_filename)\ninfoplist = find_and_increment_version_number_with_key(\"CFBundleVersion\", infoplist)\nif (archive_action)\ninfoplist = find_and_increment_version_number_with_key(\"CFBundleShortVersionString\", infoplist)\nend\nFile.open(plist_filename, 'w') {|f| f.write(infoplist) }\nelse\nprint \" not incrementing build numbers\"\nend";
		};
		EEAC1F83958B4D6E92742F48 /* Copy Pods Resources */ = {
			isa = PBXShellScriptBuildPhase;
			buildActionMask = 2147483647;
			files = (
			);
			inputPaths = (
			);
			name = "Copy Pods Resources";
			outputPaths = (
			);
			runOnlyForDeploymentPostprocessing = 0;
			shellPath = /bin/sh;
			shellScript = "\"${SRCROOT}/Pods/Pods-resources.sh\"\n";
			showEnvVarsInLog = 0;
		};
/* End PBXShellScriptBuildPhase section */

/* Begin PBXSourcesBuildPhase section */
		B7CC196818047D92003C71B9 /* Sources */ = {
			isa = PBXSourcesBuildPhase;
			buildActionMask = 2147483647;
			files = (
				B7EE7B7D184E4570003EE5B8 /* UINavigationItem+iOS7Spacing.m in Sources */,
				B7E1284D183BDAB10079B5E9 /* SectionDishViewCell.m in Sources */,
				B7EE7B69184CE412003EE5B8 /* UIColor+Custom.m in Sources */,
				B7E20F441820560100791BEB /* _Menu.m in Sources */,
				B7DA9DA61847B34E0072AD47 /* User.m in Sources */,
				B70C33491805B2A70045183F /* _Restaurant.m in Sources */,
				B7EE7B81184E5676003EE5B8 /* CustomIOS7AlertView.m in Sources */,
				B7E20F1A18202EE200791BEB /* StorefrontGradientView.m in Sources */,
				B77A8D09183FFD3A00AFBAEE /* ButtonCartRow.m in Sources */,
				B7CC19B518047E3D003C71B9 /* RestaurantCells.m in Sources */,
				B7E20F461820560100791BEB /* _Options.m in Sources */,
				B7E6C299183BF927005E8598 /* CartRowCell.m in Sources */,
				B7E20F3F1820560100791BEB /* _Sections.m in Sources */,
				B7E20F1D18203C1E00791BEB /* StorefrontTableViewController.m in Sources */,
				B7E20F25182042F800791BEB /* Header.m in Sources */,
				B78FB11118200CE40063E6C4 /* StorefrontLabel.m in Sources */,
				B70C33441805A3270045183F /* Restaurant.m in Sources */,
				B7CC197E18047D92003C71B9 /* main.m in Sources */,
				B7E20F401820560100791BEB /* Dishes.m in Sources */,
				B7E20F471820560100791BEB /* Option.m in Sources */,
				B7EE7B91184FD6AB003EE5B8 /* ProfileViewController.m in Sources */,
				B7B74426182C1981001DFC49 /* DishScrollView.m in Sources */,
				B7E43066181EE625002B6867 /* MenuTableViewController.m in Sources */,
				B70C335F180745A90045183F /* RestaurantLabelView.m in Sources */,
				B7DA9D99184545220072AD47 /* UserSession.m in Sources */,
				B7E20F281820459500791BEB /* Footer.m in Sources */,
				B7E20F431820560100791BEB /* _Dishes.m in Sources */,
				B78FB11A182010E80063E6C4 /* StorefrontImageView.m in Sources */,
				B78FB11418200ED10063E6C4 /* StorefrontScrollView.m in Sources */,
				B70C334A1805B2A70045183F /* _Images.m in Sources */,
				B7B7441C182BFAA2001DFC49 /* SectionTableViewController.m in Sources */,
				B7FB3F92181B1A9700AD6036 /* RestoScrollView.m in Sources */,
				B7E20F451820560100791BEB /* _Option.m in Sources */,
				B7E20F56182302CB00791BEB /* DishViewCell.m in Sources */,
				B7B7445D183532EE001DFC49 /* OptionsView.m in Sources */,
				B7E12848183BB2980079B5E9 /* DishTableViewController.m in Sources */,
				B74AC377183E751C00A89616 /* CartButton.m in Sources */,
				B7E20F421820560100791BEB /* Sections.m in Sources */,
				B7B74420182C0D13001DFC49 /* DishTableViewCell.m in Sources */,
				B7E20F481820560100791BEB /* Options.m in Sources */,
				B7E4305C181ED388002B6867 /* RootViewController.m in Sources */,
				B7E20F5B1824053600791BEB /* TableHeaderView.m in Sources */,
				B7E20F4D182182ED00791BEB /* _Subsections.m in Sources */,
				B7E20F4E182182ED00791BEB /* Subsections.m in Sources */,
				B7E12854183BE3020079B5E9 /* DishCellViewLowerHalf.m in Sources */,
				B7CC198218047D92003C71B9 /* RAppDelegate.m in Sources */,
				B70C33431805A3270045183F /* Images.m in Sources */,
				B77A8D05183FDFCB00AFBAEE /* SignInViewController.m in Sources */,
				B7B7443118328437001DFC49 /* TableHeaderViewGradient.m in Sources */,
				B7CC198818047D92003C71B9 /* Restaurants.xcdatamodeld in Sources */,
				B7CC19B818047FE9003C71B9 /* RestaurantViewController.m in Sources */,
				B7EE7B9D1851020E003EE5B8 /* Lockbox.m in Sources */,
				B74AC37B183EAD4600A89616 /* CheckoutViewController.m in Sources */,
				B7B7442B182C1B0B001DFC49 /* DishView.m in Sources */,
				B7E43058181EC22A002B6867 /* ImagesInScroll.m in Sources */,
				B7B7445418341CBF001DFC49 /* CheckoutView.m in Sources */,
				B7E6C29D183C0F38005E8598 /* DishFooterView.m in Sources */,
				B7B744511833EFE5001DFC49 /* ShoppingCartTableView.m in Sources */,
				B7DA9DA31846A62E0072AD47 /* SignUpViewController.m in Sources */,
			);
			runOnlyForDeploymentPostprocessing = 0;
		};
		B7CC199118047D92003C71B9 /* Sources */ = {
			isa = PBXSourcesBuildPhase;
			buildActionMask = 2147483647;
			files = (
				B7CC19A418047D92003C71B9 /* RestaurantsTests.m in Sources */,
			);
			runOnlyForDeploymentPostprocessing = 0;
		};
/* End PBXSourcesBuildPhase section */

/* Begin PBXTargetDependency section */
		B7CC199C18047D92003C71B9 /* PBXTargetDependency */ = {
			isa = PBXTargetDependency;
			target = B7CC196B18047D92003C71B9 /* Restaurants */;
			targetProxy = B7CC199B18047D92003C71B9 /* PBXContainerItemProxy */;
		};
/* End PBXTargetDependency section */

/* Begin PBXVariantGroup section */
		B7CC197A18047D92003C71B9 /* InfoPlist.strings */ = {
			isa = PBXVariantGroup;
			children = (
				B7CC197B18047D92003C71B9 /* en */,
			);
			name = InfoPlist.strings;
			sourceTree = "<group>";
		};
		B7CC198318047D92003C71B9 /* Main.storyboard */ = {
			isa = PBXVariantGroup;
			children = (
				B7CC198418047D92003C71B9 /* Base */,
			);
			name = Main.storyboard;
			sourceTree = "<group>";
		};
		B7CC19A018047D92003C71B9 /* InfoPlist.strings */ = {
			isa = PBXVariantGroup;
			children = (
				B7CC19A118047D92003C71B9 /* en */,
			);
			name = InfoPlist.strings;
			sourceTree = "<group>";
		};
/* End PBXVariantGroup section */

/* Begin XCBuildConfiguration section */
		B7CC19A518047D92003C71B9 /* Debug */ = {
			isa = XCBuildConfiguration;
			buildSettings = {
				ALWAYS_SEARCH_USER_PATHS = NO;
				ARCHS = "$(ARCHS_STANDARD_INCLUDING_64_BIT)";
				CLANG_CXX_LANGUAGE_STANDARD = "gnu++0x";
				CLANG_CXX_LIBRARY = "libc++";
				CLANG_ENABLE_MODULES = YES;
				CLANG_ENABLE_OBJC_ARC = YES;
				CLANG_WARN_BOOL_CONVERSION = YES;
				CLANG_WARN_CONSTANT_CONVERSION = YES;
				CLANG_WARN_DIRECT_OBJC_ISA_USAGE = YES_ERROR;
				CLANG_WARN_EMPTY_BODY = YES;
				CLANG_WARN_ENUM_CONVERSION = YES;
				CLANG_WARN_INT_CONVERSION = YES;
				CLANG_WARN_OBJC_ROOT_CLASS = YES_ERROR;
				CLANG_WARN__DUPLICATE_METHOD_MATCH = YES;
				"CODE_SIGN_IDENTITY[sdk=*]" = "";
				COPY_PHASE_STRIP = NO;
				GCC_C_LANGUAGE_STANDARD = gnu99;
				GCC_DYNAMIC_NO_PIC = NO;
				GCC_OPTIMIZATION_LEVEL = 0;
				GCC_PREPROCESSOR_DEFINITIONS = (
					"DEBUG=1",
					"$(inherited)",
				);
				GCC_SYMBOLS_PRIVATE_EXTERN = NO;
				GCC_WARN_64_TO_32_BIT_CONVERSION = YES;
				GCC_WARN_ABOUT_RETURN_TYPE = YES_ERROR;
				GCC_WARN_UNDECLARED_SELECTOR = YES;
				GCC_WARN_UNINITIALIZED_AUTOS = YES;
				GCC_WARN_UNUSED_FUNCTION = YES;
				GCC_WARN_UNUSED_VARIABLE = YES;
				IPHONEOS_DEPLOYMENT_TARGET = 7.0;
				ONLY_ACTIVE_ARCH = YES;
				PROVISIONING_PROFILE = "7111F9FE-9941-4EB6-88A8-7DF7B16FCE64";
				SDKROOT = iphoneos;
			};
			name = Debug;
		};
		B7CC19A618047D92003C71B9 /* Release */ = {
			isa = XCBuildConfiguration;
			buildSettings = {
				ALWAYS_SEARCH_USER_PATHS = NO;
				ARCHS = "$(ARCHS_STANDARD_INCLUDING_64_BIT)";
				CLANG_CXX_LANGUAGE_STANDARD = "gnu++0x";
				CLANG_CXX_LIBRARY = "libc++";
				CLANG_ENABLE_MODULES = YES;
				CLANG_ENABLE_OBJC_ARC = YES;
				CLANG_WARN_BOOL_CONVERSION = YES;
				CLANG_WARN_CONSTANT_CONVERSION = YES;
				CLANG_WARN_DIRECT_OBJC_ISA_USAGE = YES_ERROR;
				CLANG_WARN_EMPTY_BODY = YES;
				CLANG_WARN_ENUM_CONVERSION = YES;
				CLANG_WARN_INT_CONVERSION = YES;
				CLANG_WARN_OBJC_ROOT_CLASS = YES_ERROR;
				CLANG_WARN__DUPLICATE_METHOD_MATCH = YES;
				CODE_SIGN_IDENTITY = "iPhone Developer: Philip Tolton (984YP4874G)";
				"CODE_SIGN_IDENTITY[sdk=*]" = "iPhone Developer: Philip Tolton (984YP4874G)";
				"CODE_SIGN_IDENTITY[sdk=iphoneos*]" = "iPhone Developer: Philip Tolton (984YP4874G)";
				COPY_PHASE_STRIP = YES;
				ENABLE_NS_ASSERTIONS = NO;
				GCC_C_LANGUAGE_STANDARD = gnu99;
				GCC_WARN_64_TO_32_BIT_CONVERSION = YES;
				GCC_WARN_ABOUT_RETURN_TYPE = YES_ERROR;
				GCC_WARN_UNDECLARED_SELECTOR = YES;
				GCC_WARN_UNINITIALIZED_AUTOS = YES;
				GCC_WARN_UNUSED_FUNCTION = YES;
				GCC_WARN_UNUSED_VARIABLE = YES;
				IPHONEOS_DEPLOYMENT_TARGET = 7.0;
				PROVISIONING_PROFILE = "7111F9FE-9941-4EB6-88A8-7DF7B16FCE64";
				SDKROOT = iphoneos;
				VALIDATE_PRODUCT = YES;
			};
			name = Release;
		};
		B7CC19A818047D92003C71B9 /* Debug */ = {
			isa = XCBuildConfiguration;
			baseConfigurationReference = 21643D1EDB914A93936A017C /* Pods.xcconfig */;
			buildSettings = {
				ASSETCATALOG_COMPILER_LAUNCHIMAGE_NAME = LaunchImage;
				CODE_SIGN_IDENTITY = "iPhone Developer";
				GCC_PRECOMPILE_PREFIX_HEADER = YES;
				GCC_PREFIX_HEADER = "Restaurants/Restaurants-Prefix.pch";
				INFOPLIST_FILE = "Restaurants/Restaurants-Info.plist";
				PRODUCT_NAME = "$(TARGET_NAME)";
				PROVISIONING_PROFILE = "88CDA8E0-476B-453B-B406-AF70DA87F05C";
				WRAPPER_EXTENSION = app;
			};
			name = Debug;
		};
		B7CC19A918047D92003C71B9 /* Release */ = {
			isa = XCBuildConfiguration;
			baseConfigurationReference = 21643D1EDB914A93936A017C /* Pods.xcconfig */;
			buildSettings = {
				ASSETCATALOG_COMPILER_LAUNCHIMAGE_NAME = LaunchImage;
				CODE_SIGN_IDENTITY = "iPhone Developer";
				GCC_PRECOMPILE_PREFIX_HEADER = YES;
				GCC_PREFIX_HEADER = "Restaurants/Restaurants-Prefix.pch";
				INFOPLIST_FILE = "Restaurants/Restaurants-Info.plist";
				PRODUCT_NAME = "$(TARGET_NAME)";
				PROVISIONING_PROFILE = "88CDA8E0-476B-453B-B406-AF70DA87F05C";
				WRAPPER_EXTENSION = app;
			};
			name = Release;
		};
		B7CC19AB18047D92003C71B9 /* Debug */ = {
			isa = XCBuildConfiguration;
			buildSettings = {
				ARCHS = "$(ARCHS_STANDARD_INCLUDING_64_BIT)";
				BUNDLE_LOADER = "$(BUILT_PRODUCTS_DIR)/Restaurants.app/Restaurants";
				FRAMEWORK_SEARCH_PATHS = (
					"$(SDKROOT)/Developer/Library/Frameworks",
					"$(inherited)",
					"$(DEVELOPER_FRAMEWORKS_DIR)",
				);
				GCC_PRECOMPILE_PREFIX_HEADER = YES;
				GCC_PREFIX_HEADER = "Restaurants/Restaurants-Prefix.pch";
				GCC_PREPROCESSOR_DEFINITIONS = (
					"DEBUG=1",
					"$(inherited)",
				);
				INFOPLIST_FILE = "RestaurantsTests/RestaurantsTests-Info.plist";
				PRODUCT_NAME = "$(TARGET_NAME)";
				TEST_HOST = "$(BUNDLE_LOADER)";
				WRAPPER_EXTENSION = xctest;
			};
			name = Debug;
		};
		B7CC19AC18047D92003C71B9 /* Release */ = {
			isa = XCBuildConfiguration;
			buildSettings = {
				ARCHS = "$(ARCHS_STANDARD_INCLUDING_64_BIT)";
				BUNDLE_LOADER = "$(BUILT_PRODUCTS_DIR)/Restaurants.app/Restaurants";
				FRAMEWORK_SEARCH_PATHS = (
					"$(SDKROOT)/Developer/Library/Frameworks",
					"$(inherited)",
					"$(DEVELOPER_FRAMEWORKS_DIR)",
				);
				GCC_PRECOMPILE_PREFIX_HEADER = YES;
				GCC_PREFIX_HEADER = "Restaurants/Restaurants-Prefix.pch";
				INFOPLIST_FILE = "RestaurantsTests/RestaurantsTests-Info.plist";
				PRODUCT_NAME = "$(TARGET_NAME)";
				TEST_HOST = "$(BUNDLE_LOADER)";
				WRAPPER_EXTENSION = xctest;
			};
			name = Release;
		};
/* End XCBuildConfiguration section */

/* Begin XCConfigurationList section */
		B7CC196718047D92003C71B9 /* Build configuration list for PBXProject "Restaurants" */ = {
			isa = XCConfigurationList;
			buildConfigurations = (
				B7CC19A518047D92003C71B9 /* Debug */,
				B7CC19A618047D92003C71B9 /* Release */,
			);
			defaultConfigurationIsVisible = 0;
			defaultConfigurationName = Release;
		};
		B7CC19A718047D92003C71B9 /* Build configuration list for PBXNativeTarget "Restaurants" */ = {
			isa = XCConfigurationList;
			buildConfigurations = (
				B7CC19A818047D92003C71B9 /* Debug */,
				B7CC19A918047D92003C71B9 /* Release */,
			);
			defaultConfigurationIsVisible = 0;
			defaultConfigurationName = Release;
		};
		B7CC19AA18047D92003C71B9 /* Build configuration list for PBXNativeTarget "RestaurantsTests" */ = {
			isa = XCConfigurationList;
			buildConfigurations = (
				B7CC19AB18047D92003C71B9 /* Debug */,
				B7CC19AC18047D92003C71B9 /* Release */,
			);
			defaultConfigurationIsVisible = 0;
			defaultConfigurationName = Release;
		};
/* End XCConfigurationList section */

/* Begin XCVersionGroup section */
		B7CC198618047D92003C71B9 /* Restaurants.xcdatamodeld */ = {
			isa = XCVersionGroup;
			children = (
				B7CC198718047D92003C71B9 /* Restaurants.xcdatamodel */,
			);
			currentVersion = B7CC198718047D92003C71B9 /* Restaurants.xcdatamodel */;
			path = Restaurants.xcdatamodeld;
			sourceTree = "<group>";
			versionGroupType = wrapper.xcdatamodel;
		};
/* End XCVersionGroup section */
	};
	rootObject = B7CC196418047D92003C71B9 /* Project object */;
}
